// !$*UTF8*$!
{
	archiveVersion = 1;
	classes = {
	};
	objectVersion = 46;
	objects = {

/* Begin PBXBuildFile section */
		042319CD1EAAD720008FACA0 /* AppCenterCrashes.framework in Frameworks */ = {isa = PBXBuildFile; fileRef = 042319CC1EAAD720008FACA0 /* AppCenterCrashes.framework */; };
		042319CE1EAAD73F008FACA0 /* AppCenterAnalytics.framework in Frameworks */ = {isa = PBXBuildFile; fileRef = 04ED31D31EAAC7510033BAAE /* AppCenterAnalytics.framework */; };
		042319CF1EAAD73F008FACA0 /* AppCenterCrashes.framework in Frameworks */ = {isa = PBXBuildFile; fileRef = 042319CC1EAAD720008FACA0 /* AppCenterCrashes.framework */; };
		042496851EC3CE2F00502B62 /* AppCenterDelegate.swift in Sources */ = {isa = PBXBuildFile; fileRef = 042496831EC3CE2F00502B62 /* AppCenterDelegate.swift */; };
		042496861EC3CE2F00502B62 /* AppCenterProvider.swift in Sources */ = {isa = PBXBuildFile; fileRef = 042496841EC3CE2F00502B62 /* AppCenterProvider.swift */; };
		042496871EC3CE3500502B62 /* AppCenterDelegate.swift in Sources */ = {isa = PBXBuildFile; fileRef = 042496831EC3CE2F00502B62 /* AppCenterDelegate.swift */; };
		042496881EC3CE3700502B62 /* AppCenterProvider.swift in Sources */ = {isa = PBXBuildFile; fileRef = 042496841EC3CE2F00502B62 /* AppCenterProvider.swift */; };
		0424968B1EC3D29900502B62 /* AppCenterDelegateObjC.m in Sources */ = {isa = PBXBuildFile; fileRef = 0424968A1EC3D29900502B62 /* AppCenterDelegateObjC.m */; };
		046964561F2A607D00F9D31F /* AppCenterPush.framework in Frameworks */ = {isa = PBXBuildFile; fileRef = 046964551F2A607D00F9D31F /* AppCenterPush.framework */; };
		046964581F2A74E600F9D31F /* AppCenterPush.framework in Frameworks */ = {isa = PBXBuildFile; fileRef = 046964551F2A607D00F9D31F /* AppCenterPush.framework */; };
		04ED31E61EAAD1B30033BAAE /* AppCenterAnalytics.framework in Frameworks */ = {isa = PBXBuildFile; fileRef = 04ED31D31EAAC7510033BAAE /* AppCenterAnalytics.framework */; };
		04ED31E71EAAD1B30033BAAE /* AppCenter.framework in Frameworks */ = {isa = PBXBuildFile; fileRef = 04ED31D41EAAC7510033BAAE /* AppCenter.framework */; };
		353332F720126200009B0946 /* EventFilterViewController.swift in Sources */ = {isa = PBXBuildFile; fileRef = 353332F620126200009B0946 /* EventFilterViewController.swift */; };
		353332F820126200009B0946 /* EventFilterViewController.swift in Sources */ = {isa = PBXBuildFile; fileRef = 353332F620126200009B0946 /* EventFilterViewController.swift */; };
		358F9BCC2019639100B9E22C /* MSEventFilter.m in Sources */ = {isa = PBXBuildFile; fileRef = 358F9BCA2019639100B9E22C /* MSEventFilter.m */; };
		358F9BCD2019639100B9E22C /* MSEventFilter.m in Sources */ = {isa = PBXBuildFile; fileRef = 358F9BCA2019639100B9E22C /* MSEventFilter.m */; };
		5C6F9BAD1EB8B730009E52D8 /* AnalyticsViewController.swift in Sources */ = {isa = PBXBuildFile; fileRef = 5C6F9BAC1EB8B730009E52D8 /* AnalyticsViewController.swift */; };
		5C6F9BB61EB8EEFC009E52D8 /* AnalyticsViewController.swift in Sources */ = {isa = PBXBuildFile; fileRef = 5C6F9BAC1EB8B730009E52D8 /* AnalyticsViewController.swift */; };
		5C6F9BB81EB8F2E9009E52D8 /* CrashesViewController.swift in Sources */ = {isa = PBXBuildFile; fileRef = 5C6F9BB71EB8F2E9009E52D8 /* CrashesViewController.swift */; };
		5C6F9BB91EB8F2E9009E52D8 /* CrashesViewController.swift in Sources */ = {isa = PBXBuildFile; fileRef = 5C6F9BB71EB8F2E9009E52D8 /* CrashesViewController.swift */; };
		5C6F9BCD1EB8FBE6009E52D8 /* AppCenter.framework in Frameworks */ = {isa = PBXBuildFile; fileRef = 04ED31D41EAAC7510033BAAE /* AppCenter.framework */; };
		5C9BBC811EC4829200CA77A3 /* AppCenterDelegateSwift.swift in Sources */ = {isa = PBXBuildFile; fileRef = 5C9BBC801EC4829200CA77A3 /* AppCenterDelegateSwift.swift */; };
		5CD6257A1ECDA4280053DC6C /* AppCenterViewController.swift in Sources */ = {isa = PBXBuildFile; fileRef = 5CD625791ECDA4280053DC6C /* AppCenterViewController.swift */; };
		803CFF381F6A87180072B9BA /* PushViewController.swift in Sources */ = {isa = PBXBuildFile; fileRef = 803CFF371F6A87180072B9BA /* PushViewController.swift */; };
		803CFF391F6A87180072B9BA /* PushViewController.swift in Sources */ = {isa = PBXBuildFile; fileRef = 803CFF371F6A87180072B9BA /* PushViewController.swift */; };
		8065B5BB1F4C4169004FF622 /* CrashLibMac.framework in Frameworks */ = {isa = PBXBuildFile; fileRef = 8065B5BA1F4C4169004FF622 /* CrashLibMac.framework */; };
		8065B5BC1F4C4169004FF622 /* CrashLibMac.framework in Embed Frameworks */ = {isa = PBXBuildFile; fileRef = 8065B5BA1F4C4169004FF622 /* CrashLibMac.framework */; settings = {ATTRIBUTES = (CodeSignOnCopy, RemoveHeadersOnCopy, ); }; };
		8065B5BD1F4C6778004FF622 /* CrashLibMac.framework in Frameworks */ = {isa = PBXBuildFile; fileRef = 8065B5BA1F4C4169004FF622 /* CrashLibMac.framework */; };
		8065B5BE1F4C6778004FF622 /* CrashLibMac.framework in Embed Frameworks */ = {isa = PBXBuildFile; fileRef = 8065B5BA1F4C4169004FF622 /* CrashLibMac.framework */; settings = {ATTRIBUTES = (CodeSignOnCopy, RemoveHeadersOnCopy, ); }; };
		B2A4CFBA210A716E00199B4F /* AppCenterProvider.swift in Sources */ = {isa = PBXBuildFile; fileRef = 042496841EC3CE2F00502B62 /* AppCenterProvider.swift */; };
		B2A4CFBB210A716E00199B4F /* EventFilterViewController.swift in Sources */ = {isa = PBXBuildFile; fileRef = 353332F620126200009B0946 /* EventFilterViewController.swift */; };
		B2A4CFBC210A716E00199B4F /* MSEventFilter.m in Sources */ = {isa = PBXBuildFile; fileRef = 358F9BCA2019639100B9E22C /* MSEventFilter.m */; };
		B2A4CFBD210A716E00199B4F /* CustomPropertiesViewControler.swift in Sources */ = {isa = PBXBuildFile; fileRef = F8B8EC721FD853E800445BD4 /* CustomPropertiesViewControler.swift */; };
		B2A4CFBE210A716E00199B4F /* CrashesViewController.swift in Sources */ = {isa = PBXBuildFile; fileRef = 5C6F9BB71EB8F2E9009E52D8 /* CrashesViewController.swift */; };
		B2A4CFBF210A716E00199B4F /* AppCenterDelegate.swift in Sources */ = {isa = PBXBuildFile; fileRef = 042496831EC3CE2F00502B62 /* AppCenterDelegate.swift */; };
		B2A4CFC0210A716E00199B4F /* main.m in Sources */ = {isa = PBXBuildFile; fileRef = D3C31C281E8E75B300B288CE /* main.m */; };
		B2A4CFC1210A716E00199B4F /* AppDelegate.m in Sources */ = {isa = PBXBuildFile; fileRef = D3C31C251E8E75B300B288CE /* AppDelegate.m */; };
		B2A4CFC2210A716E00199B4F /* AppCenterViewController.swift in Sources */ = {isa = PBXBuildFile; fileRef = 5CD625791ECDA4280053DC6C /* AppCenterViewController.swift */; };
		B2A4CFC3210A716E00199B4F /* AnalyticsViewController.swift in Sources */ = {isa = PBXBuildFile; fileRef = 5C6F9BAC1EB8B730009E52D8 /* AnalyticsViewController.swift */; };
		B2A4CFC4210A716E00199B4F /* PushViewController.swift in Sources */ = {isa = PBXBuildFile; fileRef = 803CFF371F6A87180072B9BA /* PushViewController.swift */; };
		B2A4CFC5210A716E00199B4F /* AppCenterDelegateObjC.m in Sources */ = {isa = PBXBuildFile; fileRef = 0424968A1EC3D29900502B62 /* AppCenterDelegateObjC.m */; };
		B2A4CFC7210A716E00199B4F /* AppCenter.framework in Frameworks */ = {isa = PBXBuildFile; fileRef = 04ED31D41EAAC7510033BAAE /* AppCenter.framework */; };
		B2A4CFC8210A716E00199B4F /* AppCenterAnalytics.framework in Frameworks */ = {isa = PBXBuildFile; fileRef = 04ED31D31EAAC7510033BAAE /* AppCenterAnalytics.framework */; };
		B2A4CFC9210A716E00199B4F /* AppCenterCrashes.framework in Frameworks */ = {isa = PBXBuildFile; fileRef = 042319CC1EAAD720008FACA0 /* AppCenterCrashes.framework */; };
		B2A4CFCA210A716E00199B4F /* AppCenterPush.framework in Frameworks */ = {isa = PBXBuildFile; fileRef = 046964551F2A607D00F9D31F /* AppCenterPush.framework */; };
		B2A4CFCB210A716E00199B4F /* CrashLibMac.framework in Frameworks */ = {isa = PBXBuildFile; fileRef = 8065B5BA1F4C4169004FF622 /* CrashLibMac.framework */; };
		B2A4CFCD210A716E00199B4F /* SasquatchMac.storyboard in Resources */ = {isa = PBXBuildFile; fileRef = D3C31C151E8E757300B288CE /* SasquatchMac.storyboard */; };
		B2A4CFCE210A716E00199B4F /* Assets.xcassets in Resources */ = {isa = PBXBuildFile; fileRef = D3C31C2D1E8E75B300B288CE /* Assets.xcassets */; };
		B2A4CFD0210A716E00199B4F /* CrashLibMac.framework in Embed Frameworks */ = {isa = PBXBuildFile; fileRef = 8065B5BA1F4C4169004FF622 /* CrashLibMac.framework */; settings = {ATTRIBUTES = (CodeSignOnCopy, RemoveHeadersOnCopy, ); }; };
		B2A4CFD8210A77D400199B4F /* AppCenterDelegateSwift.swift in Sources */ = {isa = PBXBuildFile; fileRef = 5C9BBC801EC4829200CA77A3 /* AppCenterDelegateSwift.swift */; };
		B2A4CFD9210A77D400199B4F /* MSEventFilter.m in Sources */ = {isa = PBXBuildFile; fileRef = 358F9BCA2019639100B9E22C /* MSEventFilter.m */; };
		B2A4CFDA210A77D400199B4F /* AppCenterViewController.swift in Sources */ = {isa = PBXBuildFile; fileRef = 5CD625791ECDA4280053DC6C /* AppCenterViewController.swift */; };
		B2A4CFDB210A77D400199B4F /* CustomPropertiesViewControler.swift in Sources */ = {isa = PBXBuildFile; fileRef = F8B8EC721FD853E800445BD4 /* CustomPropertiesViewControler.swift */; };
		B2A4CFDC210A77D400199B4F /* AppCenterProvider.swift in Sources */ = {isa = PBXBuildFile; fileRef = 042496841EC3CE2F00502B62 /* AppCenterProvider.swift */; };
		B2A4CFDD210A77D400199B4F /* EventFilterViewController.swift in Sources */ = {isa = PBXBuildFile; fileRef = 353332F620126200009B0946 /* EventFilterViewController.swift */; };
		B2A4CFDE210A77D400199B4F /* AppDelegate.swift in Sources */ = {isa = PBXBuildFile; fileRef = D3C31C621E8E763600B288CE /* AppDelegate.swift */; };
		B2A4CFDF210A77D400199B4F /* CrashesViewController.swift in Sources */ = {isa = PBXBuildFile; fileRef = 5C6F9BB71EB8F2E9009E52D8 /* CrashesViewController.swift */; };
		B2A4CFE0210A77D400199B4F /* PushViewController.swift in Sources */ = {isa = PBXBuildFile; fileRef = 803CFF371F6A87180072B9BA /* PushViewController.swift */; };
		B2A4CFE1210A77D400199B4F /* AnalyticsViewController.swift in Sources */ = {isa = PBXBuildFile; fileRef = 5C6F9BAC1EB8B730009E52D8 /* AnalyticsViewController.swift */; };
		B2A4CFE2210A77D400199B4F /* AppCenterDelegate.swift in Sources */ = {isa = PBXBuildFile; fileRef = 042496831EC3CE2F00502B62 /* AppCenterDelegate.swift */; };
		B2A4CFE4210A77D400199B4F /* AppCenter.framework in Frameworks */ = {isa = PBXBuildFile; fileRef = 04ED31D41EAAC7510033BAAE /* AppCenter.framework */; };
		B2A4CFE5210A77D400199B4F /* AppCenterAnalytics.framework in Frameworks */ = {isa = PBXBuildFile; fileRef = 04ED31D31EAAC7510033BAAE /* AppCenterAnalytics.framework */; };
		B2A4CFE6210A77D400199B4F /* AppCenterCrashes.framework in Frameworks */ = {isa = PBXBuildFile; fileRef = 042319CC1EAAD720008FACA0 /* AppCenterCrashes.framework */; };
		B2A4CFE7210A77D400199B4F /* AppCenterPush.framework in Frameworks */ = {isa = PBXBuildFile; fileRef = 046964551F2A607D00F9D31F /* AppCenterPush.framework */; };
		B2A4CFE8210A77D400199B4F /* CrashLibMac.framework in Frameworks */ = {isa = PBXBuildFile; fileRef = 8065B5BA1F4C4169004FF622 /* CrashLibMac.framework */; };
		B2A4CFEA210A77D400199B4F /* SasquatchMac.storyboard in Resources */ = {isa = PBXBuildFile; fileRef = D3C31C151E8E757300B288CE /* SasquatchMac.storyboard */; };
		B2A4CFEB210A77D400199B4F /* Assets.xcassets in Resources */ = {isa = PBXBuildFile; fileRef = D3C31C661E8E763600B288CE /* Assets.xcassets */; };
		B2A4CFED210A77D400199B4F /* CrashLibMac.framework in Embed Frameworks */ = {isa = PBXBuildFile; fileRef = 8065B5BA1F4C4169004FF622 /* CrashLibMac.framework */; settings = {ATTRIBUTES = (CodeSignOnCopy, RemoveHeadersOnCopy, ); }; };
		C2A4A2691EE7684A0080FD22 /* AppCenterViewController.swift in Sources */ = {isa = PBXBuildFile; fileRef = 5CD625791ECDA4280053DC6C /* AppCenterViewController.swift */; };
		D3C31C261E8E75B300B288CE /* AppDelegate.m in Sources */ = {isa = PBXBuildFile; fileRef = D3C31C251E8E75B300B288CE /* AppDelegate.m */; };
		D3C31C291E8E75B300B288CE /* main.m in Sources */ = {isa = PBXBuildFile; fileRef = D3C31C281E8E75B300B288CE /* main.m */; };
		D3C31C2E1E8E75B300B288CE /* Assets.xcassets in Resources */ = {isa = PBXBuildFile; fileRef = D3C31C2D1E8E75B300B288CE /* Assets.xcassets */; };
		D3C31C631E8E763600B288CE /* AppDelegate.swift in Sources */ = {isa = PBXBuildFile; fileRef = D3C31C621E8E763600B288CE /* AppDelegate.swift */; };
		D3C31C671E8E763600B288CE /* Assets.xcassets in Resources */ = {isa = PBXBuildFile; fileRef = D3C31C661E8E763600B288CE /* Assets.xcassets */; };
		D3C31C801E8E7BD200B288CE /* SasquatchMac.storyboard in Resources */ = {isa = PBXBuildFile; fileRef = D3C31C151E8E757300B288CE /* SasquatchMac.storyboard */; };
		D3C31C811E8E7BEE00B288CE /* SasquatchMac.storyboard in Resources */ = {isa = PBXBuildFile; fileRef = D3C31C151E8E757300B288CE /* SasquatchMac.storyboard */; };
		F8B8EC731FD853E800445BD4 /* CustomPropertiesViewControler.swift in Sources */ = {isa = PBXBuildFile; fileRef = F8B8EC721FD853E800445BD4 /* CustomPropertiesViewControler.swift */; };
		F8B8EC741FD853E800445BD4 /* CustomPropertiesViewControler.swift in Sources */ = {isa = PBXBuildFile; fileRef = F8B8EC721FD853E800445BD4 /* CustomPropertiesViewControler.swift */; };
/* End PBXBuildFile section */

/* Begin PBXCopyFilesBuildPhase section */
		8065B5B61F4C40FC004FF622 /* Embed Frameworks */ = {
			isa = PBXCopyFilesBuildPhase;
			buildActionMask = 2147483647;
			dstPath = "";
			dstSubfolderSpec = 10;
			files = (
				8065B5BE1F4C6778004FF622 /* CrashLibMac.framework in Embed Frameworks */,
			);
			name = "Embed Frameworks";
			runOnlyForDeploymentPostprocessing = 0;
		};
		8065B5B91F4C4121004FF622 /* Embed Frameworks */ = {
			isa = PBXCopyFilesBuildPhase;
			buildActionMask = 2147483647;
			dstPath = "";
			dstSubfolderSpec = 10;
			files = (
				8065B5BC1F4C4169004FF622 /* CrashLibMac.framework in Embed Frameworks */,
			);
			name = "Embed Frameworks";
			runOnlyForDeploymentPostprocessing = 0;
		};
		B2A4CFCF210A716E00199B4F /* Embed Frameworks */ = {
			isa = PBXCopyFilesBuildPhase;
			buildActionMask = 2147483647;
			dstPath = "";
			dstSubfolderSpec = 10;
			files = (
				B2A4CFD0210A716E00199B4F /* CrashLibMac.framework in Embed Frameworks */,
			);
			name = "Embed Frameworks";
			runOnlyForDeploymentPostprocessing = 0;
		};
		B2A4CFEC210A77D400199B4F /* Embed Frameworks */ = {
			isa = PBXCopyFilesBuildPhase;
			buildActionMask = 2147483647;
			dstPath = "";
			dstSubfolderSpec = 10;
			files = (
				B2A4CFED210A77D400199B4F /* CrashLibMac.framework in Embed Frameworks */,
			);
			name = "Embed Frameworks";
			runOnlyForDeploymentPostprocessing = 0;
		};
/* End PBXCopyFilesBuildPhase section */

/* Begin PBXFileReference section */
		042319CC1EAAD720008FACA0 /* AppCenterCrashes.framework */ = {isa = PBXFileReference; lastKnownFileType = wrapper.framework; name = AppCenterCrashes.framework; path = "../AppCenter-SDK-Apple/macOS/AppCenterCrashes.framework"; sourceTree = "<group>"; };
		042496831EC3CE2F00502B62 /* AppCenterDelegate.swift */ = {isa = PBXFileReference; fileEncoding = 4; lastKnownFileType = sourcecode.swift; path = AppCenterDelegate.swift; sourceTree = "<group>"; };
		042496841EC3CE2F00502B62 /* AppCenterProvider.swift */ = {isa = PBXFileReference; fileEncoding = 4; lastKnownFileType = sourcecode.swift; path = AppCenterProvider.swift; sourceTree = "<group>"; };
		042496891EC3D29900502B62 /* AppCenterDelegateObjC.h */ = {isa = PBXFileReference; fileEncoding = 4; lastKnownFileType = sourcecode.c.h; path = AppCenterDelegateObjC.h; sourceTree = "<group>"; };
		0424968A1EC3D29900502B62 /* AppCenterDelegateObjC.m */ = {isa = PBXFileReference; fileEncoding = 4; lastKnownFileType = sourcecode.c.objc; path = AppCenterDelegateObjC.m; sourceTree = "<group>"; };
		046964541F2A5EE600F9D31F /* SasquatchMacObjC.entitlements */ = {isa = PBXFileReference; lastKnownFileType = text.plist.entitlements; path = SasquatchMacObjC.entitlements; sourceTree = "<group>"; };
		046964551F2A607D00F9D31F /* AppCenterPush.framework */ = {isa = PBXFileReference; lastKnownFileType = wrapper.framework; name = AppCenterPush.framework; path = "../AppCenter-SDK-Apple/macOS/AppCenterPush.framework"; sourceTree = "<group>"; };
		046964571F2A721100F9D31F /* SasquatchMacSwift.entitlements */ = {isa = PBXFileReference; lastKnownFileType = text.plist.entitlements; path = SasquatchMacSwift.entitlements; sourceTree = "<group>"; };
		04ED31D31EAAC7510033BAAE /* AppCenterAnalytics.framework */ = {isa = PBXFileReference; lastKnownFileType = wrapper.framework; name = AppCenterAnalytics.framework; path = "../AppCenter-SDK-Apple/macOS/AppCenterAnalytics.framework"; sourceTree = "<group>"; };
		04ED31D41EAAC7510033BAAE /* AppCenter.framework */ = {isa = PBXFileReference; lastKnownFileType = wrapper.framework; name = AppCenter.framework; path = "../AppCenter-SDK-Apple/macOS/AppCenter.framework"; sourceTree = "<group>"; };
		353332F620126200009B0946 /* EventFilterViewController.swift */ = {isa = PBXFileReference; lastKnownFileType = sourcecode.swift; path = EventFilterViewController.swift; sourceTree = "<group>"; };
		358F9BCA2019639100B9E22C /* MSEventFilter.m */ = {isa = PBXFileReference; fileEncoding = 4; lastKnownFileType = sourcecode.c.objc; path = MSEventFilter.m; sourceTree = "<group>"; };
		358F9BCB2019639100B9E22C /* MSEventFilter.h */ = {isa = PBXFileReference; fileEncoding = 4; lastKnownFileType = sourcecode.c.h; path = MSEventFilter.h; sourceTree = "<group>"; };
		5C6F9BAC1EB8B730009E52D8 /* AnalyticsViewController.swift */ = {isa = PBXFileReference; fileEncoding = 4; lastKnownFileType = sourcecode.swift; path = AnalyticsViewController.swift; sourceTree = "<group>"; };
		5C6F9BB71EB8F2E9009E52D8 /* CrashesViewController.swift */ = {isa = PBXFileReference; fileEncoding = 4; lastKnownFileType = sourcecode.swift; path = CrashesViewController.swift; sourceTree = "<group>"; };
		5C9BBC801EC4829200CA77A3 /* AppCenterDelegateSwift.swift */ = {isa = PBXFileReference; fileEncoding = 4; lastKnownFileType = sourcecode.swift; path = AppCenterDelegateSwift.swift; sourceTree = "<group>"; };
		5CA0000921EDB16D00127624 /* Constants.h */ = {isa = PBXFileReference; lastKnownFileType = sourcecode.c.h; path = Constants.h; sourceTree = "<group>"; };
		5CD625791ECDA4280053DC6C /* AppCenterViewController.swift */ = {isa = PBXFileReference; fileEncoding = 4; lastKnownFileType = sourcecode.swift; path = AppCenterViewController.swift; sourceTree = "<group>"; };
		803CFF371F6A87180072B9BA /* PushViewController.swift */ = {isa = PBXFileReference; lastKnownFileType = sourcecode.swift; path = PushViewController.swift; sourceTree = "<group>"; };
		8065B5BA1F4C4169004FF622 /* CrashLibMac.framework */ = {isa = PBXFileReference; explicitFileType = wrapper.framework; path = CrashLibMac.framework; sourceTree = BUILT_PRODUCTS_DIR; };
		80A3A89A1F0BF30100FBE3B6 /* SasquatchMac-Bridging-Header.h */ = {isa = PBXFileReference; fileEncoding = 4; lastKnownFileType = sourcecode.c.h; path = "SasquatchMac-Bridging-Header.h"; sourceTree = "<group>"; };
		B2A4CFD4210A716E00199B4F /* SasquatchMacObjC-Preview.app */ = {isa = PBXFileReference; explicitFileType = wrapper.application; includeInIndex = 0; path = "SasquatchMacObjC-Preview.app"; sourceTree = BUILT_PRODUCTS_DIR; };
		B2A4CFF1210A77D400199B4F /* SasquatchMacSwift-Preview.app */ = {isa = PBXFileReference; explicitFileType = wrapper.application; includeInIndex = 0; path = "SasquatchMacSwift-Preview.app"; sourceTree = BUILT_PRODUCTS_DIR; };
		B2CD74CF1F22C3150070E7DF /* libsqlite3.tbd */ = {isa = PBXFileReference; lastKnownFileType = "sourcecode.text-based-dylib-definition"; name = libsqlite3.tbd; path = usr/lib/libsqlite3.tbd; sourceTree = SDKROOT; };
		D3C31C161E8E757300B288CE /* Base */ = {isa = PBXFileReference; lastKnownFileType = file.storyboard; name = Base; path = Base.lproj/SasquatchMac.storyboard; sourceTree = "<group>"; };
		D3C31C221E8E75B300B288CE /* SasquatchMacObjC.app */ = {isa = PBXFileReference; explicitFileType = wrapper.application; includeInIndex = 0; path = SasquatchMacObjC.app; sourceTree = BUILT_PRODUCTS_DIR; };
		D3C31C241E8E75B300B288CE /* AppDelegate.h */ = {isa = PBXFileReference; lastKnownFileType = sourcecode.c.h; path = AppDelegate.h; sourceTree = "<group>"; };
		D3C31C251E8E75B300B288CE /* AppDelegate.m */ = {isa = PBXFileReference; lastKnownFileType = sourcecode.c.objc; path = AppDelegate.m; sourceTree = "<group>"; };
		D3C31C281E8E75B300B288CE /* main.m */ = {isa = PBXFileReference; lastKnownFileType = sourcecode.c.objc; path = main.m; sourceTree = "<group>"; };
		D3C31C2D1E8E75B300B288CE /* Assets.xcassets */ = {isa = PBXFileReference; lastKnownFileType = folder.assetcatalog; path = Assets.xcassets; sourceTree = "<group>"; };
		D3C31C321E8E75B300B288CE /* Info.plist */ = {isa = PBXFileReference; lastKnownFileType = text.plist.xml; path = Info.plist; sourceTree = "<group>"; };
		D3C31C601E8E763600B288CE /* SasquatchMacSwift.app */ = {isa = PBXFileReference; explicitFileType = wrapper.application; includeInIndex = 0; path = SasquatchMacSwift.app; sourceTree = BUILT_PRODUCTS_DIR; };
		D3C31C621E8E763600B288CE /* AppDelegate.swift */ = {isa = PBXFileReference; lastKnownFileType = sourcecode.swift; path = AppDelegate.swift; sourceTree = "<group>"; };
		D3C31C661E8E763600B288CE /* Assets.xcassets */ = {isa = PBXFileReference; lastKnownFileType = folder.assetcatalog; path = Assets.xcassets; sourceTree = "<group>"; };
		D3C31C6B1E8E763600B288CE /* Info.plist */ = {isa = PBXFileReference; lastKnownFileType = text.plist.xml; path = Info.plist; sourceTree = "<group>"; };
		F84BA0B721133A740020F13B /* Sasquatch Debug.xcconfig */ = {isa = PBXFileReference; lastKnownFileType = text.xcconfig; path = "Sasquatch Debug.xcconfig"; sourceTree = "<group>"; };
		F84BA0B821133A740020F13B /* Sasquatch.xcconfig */ = {isa = PBXFileReference; lastKnownFileType = text.xcconfig; path = Sasquatch.xcconfig; sourceTree = "<group>"; };
		F8B8EC721FD853E800445BD4 /* CustomPropertiesViewControler.swift */ = {isa = PBXFileReference; lastKnownFileType = sourcecode.swift; path = CustomPropertiesViewControler.swift; sourceTree = "<group>"; };
/* End PBXFileReference section */

/* Begin PBXFrameworksBuildPhase section */
		B2A4CFC6210A716E00199B4F /* Frameworks */ = {
			isa = PBXFrameworksBuildPhase;
			buildActionMask = 2147483647;
			files = (
				B2A4CFC7210A716E00199B4F /* AppCenter.framework in Frameworks */,
				B2A4CFC8210A716E00199B4F /* AppCenterAnalytics.framework in Frameworks */,
				B2A4CFC9210A716E00199B4F /* AppCenterCrashes.framework in Frameworks */,
				B2A4CFCA210A716E00199B4F /* AppCenterPush.framework in Frameworks */,
				B2A4CFCB210A716E00199B4F /* CrashLibMac.framework in Frameworks */,
			);
			runOnlyForDeploymentPostprocessing = 0;
		};
		B2A4CFE3210A77D400199B4F /* Frameworks */ = {
			isa = PBXFrameworksBuildPhase;
			buildActionMask = 2147483647;
			files = (
				B2A4CFE4210A77D400199B4F /* AppCenter.framework in Frameworks */,
				B2A4CFE5210A77D400199B4F /* AppCenterAnalytics.framework in Frameworks */,
				B2A4CFE6210A77D400199B4F /* AppCenterCrashes.framework in Frameworks */,
				B2A4CFE7210A77D400199B4F /* AppCenterPush.framework in Frameworks */,
				B2A4CFE8210A77D400199B4F /* CrashLibMac.framework in Frameworks */,
			);
			runOnlyForDeploymentPostprocessing = 0;
		};
		D3C31C1F1E8E75B300B288CE /* Frameworks */ = {
			isa = PBXFrameworksBuildPhase;
			buildActionMask = 2147483647;
			files = (
				04ED31E71EAAD1B30033BAAE /* AppCenter.framework in Frameworks */,
				04ED31E61EAAD1B30033BAAE /* AppCenterAnalytics.framework in Frameworks */,
				042319CD1EAAD720008FACA0 /* AppCenterCrashes.framework in Frameworks */,
				046964561F2A607D00F9D31F /* AppCenterPush.framework in Frameworks */,
				8065B5BD1F4C6778004FF622 /* CrashLibMac.framework in Frameworks */,
			);
			runOnlyForDeploymentPostprocessing = 0;
		};
		D3C31C5D1E8E763600B288CE /* Frameworks */ = {
			isa = PBXFrameworksBuildPhase;
			buildActionMask = 2147483647;
			files = (
				5C6F9BCD1EB8FBE6009E52D8 /* AppCenter.framework in Frameworks */,
				042319CE1EAAD73F008FACA0 /* AppCenterAnalytics.framework in Frameworks */,
				042319CF1EAAD73F008FACA0 /* AppCenterCrashes.framework in Frameworks */,
				046964581F2A74E600F9D31F /* AppCenterPush.framework in Frameworks */,
				8065B5BB1F4C4169004FF622 /* CrashLibMac.framework in Frameworks */,
			);
			runOnlyForDeploymentPostprocessing = 0;
		};
/* End PBXFrameworksBuildPhase section */

/* Begin PBXGroup section */
		3577093D2017FA5D00E465B6 /* EventFilter */ = {
			isa = PBXGroup;
			children = (
				358F9BCB2019639100B9E22C /* MSEventFilter.h */,
				358F9BCA2019639100B9E22C /* MSEventFilter.m */,
			);
			path = EventFilter;
			sourceTree = "<group>";
		};
		D3C31C031E8E757300B288CE = {
			isa = PBXGroup;
			children = (
				F84BA0B621133A740020F13B /* Config */,
				D3C31C0E1E8E757300B288CE /* SasquatchMac */,
				D3C31C231E8E75B300B288CE /* SasquatchMacObjC */,
				D3C31C611E8E763600B288CE /* SasquatchMacSwift */,
				D3C31C0D1E8E757300B288CE /* Products */,
				D3C31C731E8E782900B288CE /* Frameworks */,
			);
			sourceTree = "<group>";
		};
		D3C31C0D1E8E757300B288CE /* Products */ = {
			isa = PBXGroup;
			children = (
				D3C31C221E8E75B300B288CE /* SasquatchMacObjC.app */,
				D3C31C601E8E763600B288CE /* SasquatchMacSwift.app */,
				B2A4CFD4210A716E00199B4F /* SasquatchMacObjC-Preview.app */,
				B2A4CFF1210A77D400199B4F /* SasquatchMacSwift-Preview.app */,
			);
			name = Products;
			sourceTree = "<group>";
		};
		D3C31C0E1E8E757300B288CE /* SasquatchMac */ = {
			isa = PBXGroup;
			children = (
				3577093D2017FA5D00E465B6 /* EventFilter */,
				042496831EC3CE2F00502B62 /* AppCenterDelegate.swift */,
				042496841EC3CE2F00502B62 /* AppCenterProvider.swift */,
				D3C31C6F1E8E772E00B288CE /* Storyboards */,
				D3C31C701E8E774000B288CE /* Supporting Files */,
				D3C31C711E8E775100B288CE /* ViewControllers */,
				5CA0000921EDB16D00127624 /* Constants.h */,
			);
			path = SasquatchMac;
			sourceTree = "<group>";
		};
		D3C31C231E8E75B300B288CE /* SasquatchMacObjC */ = {
			isa = PBXGroup;
			children = (
				046964541F2A5EE600F9D31F /* SasquatchMacObjC.entitlements */,
				D3C31C241E8E75B300B288CE /* AppDelegate.h */,
				D3C31C251E8E75B300B288CE /* AppDelegate.m */,
				042496891EC3D29900502B62 /* AppCenterDelegateObjC.h */,
				0424968A1EC3D29900502B62 /* AppCenterDelegateObjC.m */,
				D3C31C271E8E75B300B288CE /* Supporting Files */,
			);
			path = SasquatchMacObjC;
			sourceTree = "<group>";
		};
		D3C31C271E8E75B300B288CE /* Supporting Files */ = {
			isa = PBXGroup;
			children = (
				D3C31C2D1E8E75B300B288CE /* Assets.xcassets */,
				D3C31C321E8E75B300B288CE /* Info.plist */,
				D3C31C281E8E75B300B288CE /* main.m */,
			);
			name = "Supporting Files";
			sourceTree = "<group>";
		};
		D3C31C611E8E763600B288CE /* SasquatchMacSwift */ = {
			isa = PBXGroup;
			children = (
				046964571F2A721100F9D31F /* SasquatchMacSwift.entitlements */,
				D3C31C621E8E763600B288CE /* AppDelegate.swift */,
				5C9BBC801EC4829200CA77A3 /* AppCenterDelegateSwift.swift */,
				D3C31C721E8E77BE00B288CE /* Supporting Files */,
			);
			path = SasquatchMacSwift;
			sourceTree = "<group>";
		};
		D3C31C6F1E8E772E00B288CE /* Storyboards */ = {
			isa = PBXGroup;
			children = (
				D3C31C151E8E757300B288CE /* SasquatchMac.storyboard */,
			);
			name = Storyboards;
			sourceTree = "<group>";
		};
		D3C31C701E8E774000B288CE /* Supporting Files */ = {
			isa = PBXGroup;
			children = (
				80A3A89A1F0BF30100FBE3B6 /* SasquatchMac-Bridging-Header.h */,
			);
			name = "Supporting Files";
			sourceTree = "<group>";
		};
		D3C31C711E8E775100B288CE /* ViewControllers */ = {
			isa = PBXGroup;
			children = (
				5C6F9BAC1EB8B730009E52D8 /* AnalyticsViewController.swift */,
				5CD625791ECDA4280053DC6C /* AppCenterViewController.swift */,
				5C6F9BB71EB8F2E9009E52D8 /* CrashesViewController.swift */,
				F8B8EC721FD853E800445BD4 /* CustomPropertiesViewControler.swift */,
				353332F620126200009B0946 /* EventFilterViewController.swift */,
				803CFF371F6A87180072B9BA /* PushViewController.swift */,
			);
			path = ViewControllers;
			sourceTree = "<group>";
		};
		D3C31C721E8E77BE00B288CE /* Supporting Files */ = {
			isa = PBXGroup;
			children = (
				D3C31C661E8E763600B288CE /* Assets.xcassets */,
				D3C31C6B1E8E763600B288CE /* Info.plist */,
			);
			name = "Supporting Files";
			sourceTree = "<group>";
		};
		D3C31C731E8E782900B288CE /* Frameworks */ = {
			isa = PBXGroup;
			children = (
				B2CD74CF1F22C3150070E7DF /* libsqlite3.tbd */,
				8065B5BA1F4C4169004FF622 /* CrashLibMac.framework */,
				046964551F2A607D00F9D31F /* AppCenterPush.framework */,
				042319CC1EAAD720008FACA0 /* AppCenterCrashes.framework */,
				04ED31D31EAAC7510033BAAE /* AppCenterAnalytics.framework */,
				04ED31D41EAAC7510033BAAE /* AppCenter.framework */,
			);
			name = Frameworks;
			sourceTree = "<group>";
		};
		F84BA0B621133A740020F13B /* Config */ = {
			isa = PBXGroup;
			children = (
				F84BA0B721133A740020F13B /* Sasquatch Debug.xcconfig */,
				F84BA0B821133A740020F13B /* Sasquatch.xcconfig */,
			);
			path = Config;
			sourceTree = "<group>";
		};
/* End PBXGroup section */

/* Begin PBXNativeTarget section */
		B2A4CFB8210A716E00199B4F /* SasquatchMacObjC-Preview */ = {
			isa = PBXNativeTarget;
			buildConfigurationList = B2A4CFD1210A716E00199B4F /* Build configuration list for PBXNativeTarget "SasquatchMacObjC-Preview" */;
			buildPhases = (
				F849248C2112FDF000E14DBE /* Verify no buildSettings */,
				B2A4CFB9210A716E00199B4F /* Sources */,
				B2A4CFC6210A716E00199B4F /* Frameworks */,
				B2A4CFCC210A716E00199B4F /* Resources */,
				B2A4CFCF210A716E00199B4F /* Embed Frameworks */,
			);
			buildRules = (
			);
			dependencies = (
			);
			name = "SasquatchMacObjC-Preview";
			productName = SasquatchMacObjC;
			productReference = B2A4CFD4210A716E00199B4F /* SasquatchMacObjC-Preview.app */;
			productType = "com.apple.product-type.application";
		};
		B2A4CFD6210A77D400199B4F /* SasquatchMacSwift-Preview */ = {
			isa = PBXNativeTarget;
			buildConfigurationList = B2A4CFEE210A77D400199B4F /* Build configuration list for PBXNativeTarget "SasquatchMacSwift-Preview" */;
			buildPhases = (
				F8AA112B2112FEB20068B52C /* Verify no buildSettings */,
				B2A4CFD7210A77D400199B4F /* Sources */,
				B2A4CFE3210A77D400199B4F /* Frameworks */,
				B2A4CFE9210A77D400199B4F /* Resources */,
				B2A4CFEC210A77D400199B4F /* Embed Frameworks */,
			);
			buildRules = (
			);
			dependencies = (
			);
			name = "SasquatchMacSwift-Preview";
			productName = SasquatchMacSwift;
			productReference = B2A4CFF1210A77D400199B4F /* SasquatchMacSwift-Preview.app */;
			productType = "com.apple.product-type.application";
		};
		D3C31C211E8E75B300B288CE /* SasquatchMacObjC */ = {
			isa = PBXNativeTarget;
			buildConfigurationList = D3C31C331E8E75B300B288CE /* Build configuration list for PBXNativeTarget "SasquatchMacObjC" */;
			buildPhases = (
				F849248B2112FDE900E14DBE /* Verify no buildSettings */,
				D3C31C1E1E8E75B300B288CE /* Sources */,
				D3C31C1F1E8E75B300B288CE /* Frameworks */,
				D3C31C201E8E75B300B288CE /* Resources */,
				8065B5B61F4C40FC004FF622 /* Embed Frameworks */,
			);
			buildRules = (
			);
			dependencies = (
			);
			name = SasquatchMacObjC;
			productName = SasquatchMacObjC;
			productReference = D3C31C221E8E75B300B288CE /* SasquatchMacObjC.app */;
			productType = "com.apple.product-type.application";
		};
		D3C31C5F1E8E763600B288CE /* SasquatchMacSwift */ = {
			isa = PBXNativeTarget;
			buildConfigurationList = D3C31C6C1E8E763600B288CE /* Build configuration list for PBXNativeTarget "SasquatchMacSwift" */;
			buildPhases = (
				F849248D2112FDFA00E14DBE /* Verify no buildSettings */,
				D3C31C5C1E8E763600B288CE /* Sources */,
				D3C31C5D1E8E763600B288CE /* Frameworks */,
				D3C31C5E1E8E763600B288CE /* Resources */,
				8065B5B91F4C4121004FF622 /* Embed Frameworks */,
			);
			buildRules = (
			);
			dependencies = (
			);
			name = SasquatchMacSwift;
			productName = SasquatchMacSwift;
			productReference = D3C31C601E8E763600B288CE /* SasquatchMacSwift.app */;
			productType = "com.apple.product-type.application";
		};
/* End PBXNativeTarget section */

/* Begin PBXProject section */
		D3C31C041E8E757300B288CE /* Project object */ = {
			isa = PBXProject;
			attributes = {
				LastSwiftUpdateCheck = 0820;
				LastUpgradeCheck = 0820;
				ORGANIZATIONNAME = Microsoft;
				TargetAttributes = {
					B2A4CFB8210A716E00199B4F = {
						DevelopmentTeam = KYJ84ZC369;
						ProvisioningStyle = Manual;
					};
					B2A4CFD6210A77D400199B4F = {
						DevelopmentTeam = KYJ84ZC369;
						ProvisioningStyle = Manual;
					};
					D3C31C211E8E75B300B288CE = {
						CreatedOnToolsVersion = 8.2.1;
						DevelopmentTeam = KYJ84ZC369;
						ProvisioningStyle = Automatic;
						SystemCapabilities = {
							com.apple.Push = {
								enabled = 1;
							};
						};
					};
					D3C31C5F1E8E763600B288CE = {
						CreatedOnToolsVersion = 8.2.1;
						DevelopmentTeam = KYJ84ZC369;
						ProvisioningStyle = Automatic;
						SystemCapabilities = {
							com.apple.Push = {
								enabled = 1;
							};
						};
					};
				};
			};
			buildConfigurationList = D3C31C071E8E757300B288CE /* Build configuration list for PBXProject "SasquatchMac" */;
			compatibilityVersion = "Xcode 3.2";
			developmentRegion = English;
			hasScannedForEncodings = 0;
			knownRegions = (
				en,
				Base,
			);
			mainGroup = D3C31C031E8E757300B288CE;
			productRefGroup = D3C31C0D1E8E757300B288CE /* Products */;
			projectDirPath = "";
			projectRoot = "";
			targets = (
				D3C31C211E8E75B300B288CE /* SasquatchMacObjC */,
				B2A4CFB8210A716E00199B4F /* SasquatchMacObjC-Preview */,
				D3C31C5F1E8E763600B288CE /* SasquatchMacSwift */,
				B2A4CFD6210A77D400199B4F /* SasquatchMacSwift-Preview */,
			);
		};
/* End PBXProject section */

/* Begin PBXResourcesBuildPhase section */
		B2A4CFCC210A716E00199B4F /* Resources */ = {
			isa = PBXResourcesBuildPhase;
			buildActionMask = 2147483647;
			files = (
				B2A4CFCD210A716E00199B4F /* SasquatchMac.storyboard in Resources */,
				B2A4CFCE210A716E00199B4F /* Assets.xcassets in Resources */,
			);
			runOnlyForDeploymentPostprocessing = 0;
		};
		B2A4CFE9210A77D400199B4F /* Resources */ = {
			isa = PBXResourcesBuildPhase;
			buildActionMask = 2147483647;
			files = (
				B2A4CFEA210A77D400199B4F /* SasquatchMac.storyboard in Resources */,
				B2A4CFEB210A77D400199B4F /* Assets.xcassets in Resources */,
			);
			runOnlyForDeploymentPostprocessing = 0;
		};
		D3C31C201E8E75B300B288CE /* Resources */ = {
			isa = PBXResourcesBuildPhase;
			buildActionMask = 2147483647;
			files = (
				D3C31C811E8E7BEE00B288CE /* SasquatchMac.storyboard in Resources */,
				D3C31C2E1E8E75B300B288CE /* Assets.xcassets in Resources */,
			);
			runOnlyForDeploymentPostprocessing = 0;
		};
		D3C31C5E1E8E763600B288CE /* Resources */ = {
			isa = PBXResourcesBuildPhase;
			buildActionMask = 2147483647;
			files = (
				D3C31C801E8E7BD200B288CE /* SasquatchMac.storyboard in Resources */,
				D3C31C671E8E763600B288CE /* Assets.xcassets in Resources */,
			);
			runOnlyForDeploymentPostprocessing = 0;
		};
/* End PBXResourcesBuildPhase section */

/* Begin PBXShellScriptBuildPhase section */
		F849248B2112FDE900E14DBE /* Verify no buildSettings */ = {
			isa = PBXShellScriptBuildPhase;
			buildActionMask = 2147483647;
			files = (
			);
			inputPaths = (
			);
			name = "Verify no buildSettings";
			outputPaths = (
			);
			runOnlyForDeploymentPostprocessing = 0;
			shellPath = /bin/sh;
			shellScript = "\"${SRCROOT}/../Scripts/VerifyNoBuildSettings.swift\" ${PROJECT_NAME}.xcodeproj/project.pbxproj";
			showEnvVarsInLog = 0;
		};
		F849248C2112FDF000E14DBE /* Verify no buildSettings */ = {
			isa = PBXShellScriptBuildPhase;
			buildActionMask = 2147483647;
			files = (
			);
			inputPaths = (
			);
			name = "Verify no buildSettings";
			outputPaths = (
			);
			runOnlyForDeploymentPostprocessing = 0;
			shellPath = /bin/sh;
			shellScript = "\"${SRCROOT}/../Scripts/VerifyNoBuildSettings.swift\" ${PROJECT_NAME}.xcodeproj/project.pbxproj";
			showEnvVarsInLog = 0;
		};
		F849248D2112FDFA00E14DBE /* Verify no buildSettings */ = {
			isa = PBXShellScriptBuildPhase;
			buildActionMask = 2147483647;
			files = (
			);
			inputPaths = (
			);
			name = "Verify no buildSettings";
			outputPaths = (
			);
			runOnlyForDeploymentPostprocessing = 0;
			shellPath = /bin/sh;
			shellScript = "\"${SRCROOT}/../Scripts/VerifyNoBuildSettings.swift\" ${PROJECT_NAME}.xcodeproj/project.pbxproj\n";
			showEnvVarsInLog = 0;
		};
		F8AA112B2112FEB20068B52C /* Verify no buildSettings */ = {
			isa = PBXShellScriptBuildPhase;
			buildActionMask = 2147483647;
			files = (
			);
			inputPaths = (
			);
			name = "Verify no buildSettings";
			outputPaths = (
			);
			runOnlyForDeploymentPostprocessing = 0;
			shellPath = /bin/sh;
			shellScript = "\"${SRCROOT}/../Scripts/VerifyNoBuildSettings.swift\" ${PROJECT_NAME}.xcodeproj/project.pbxproj";
			showEnvVarsInLog = 0;
		};
/* End PBXShellScriptBuildPhase section */

/* Begin PBXSourcesBuildPhase section */
		B2A4CFB9210A716E00199B4F /* Sources */ = {
			isa = PBXSourcesBuildPhase;
			buildActionMask = 2147483647;
			files = (
				B2A4CFBA210A716E00199B4F /* AppCenterProvider.swift in Sources */,
				B2A4CFBB210A716E00199B4F /* EventFilterViewController.swift in Sources */,
				B2A4CFBC210A716E00199B4F /* MSEventFilter.m in Sources */,
				B2A4CFBD210A716E00199B4F /* CustomPropertiesViewControler.swift in Sources */,
				B2A4CFBE210A716E00199B4F /* CrashesViewController.swift in Sources */,
				B2A4CFBF210A716E00199B4F /* AppCenterDelegate.swift in Sources */,
				B2A4CFC0210A716E00199B4F /* main.m in Sources */,
				B2A4CFC1210A716E00199B4F /* AppDelegate.m in Sources */,
				B2A4CFC2210A716E00199B4F /* AppCenterViewController.swift in Sources */,
				B2A4CFC3210A716E00199B4F /* AnalyticsViewController.swift in Sources */,
				B2A4CFC4210A716E00199B4F /* PushViewController.swift in Sources */,
				B2A4CFC5210A716E00199B4F /* AppCenterDelegateObjC.m in Sources */,
			);
			runOnlyForDeploymentPostprocessing = 0;
		};
		B2A4CFD7210A77D400199B4F /* Sources */ = {
			isa = PBXSourcesBuildPhase;
			buildActionMask = 2147483647;
			files = (
				B2A4CFD8210A77D400199B4F /* AppCenterDelegateSwift.swift in Sources */,
				B2A4CFD9210A77D400199B4F /* MSEventFilter.m in Sources */,
				B2A4CFDA210A77D400199B4F /* AppCenterViewController.swift in Sources */,
				B2A4CFDB210A77D400199B4F /* CustomPropertiesViewControler.swift in Sources */,
				B2A4CFDC210A77D400199B4F /* AppCenterProvider.swift in Sources */,
				B2A4CFDD210A77D400199B4F /* EventFilterViewController.swift in Sources */,
				B2A4CFDE210A77D400199B4F /* AppDelegate.swift in Sources */,
				B2A4CFDF210A77D400199B4F /* CrashesViewController.swift in Sources */,
				B2A4CFE0210A77D400199B4F /* PushViewController.swift in Sources */,
				B2A4CFE1210A77D400199B4F /* AnalyticsViewController.swift in Sources */,
				B2A4CFE2210A77D400199B4F /* AppCenterDelegate.swift in Sources */,
			);
			runOnlyForDeploymentPostprocessing = 0;
		};
		D3C31C1E1E8E75B300B288CE /* Sources */ = {
			isa = PBXSourcesBuildPhase;
			buildActionMask = 2147483647;
			files = (
				042496861EC3CE2F00502B62 /* AppCenterProvider.swift in Sources */,
				353332F820126200009B0946 /* EventFilterViewController.swift in Sources */,
				358F9BCC2019639100B9E22C /* MSEventFilter.m in Sources */,
				F8B8EC731FD853E800445BD4 /* CustomPropertiesViewControler.swift in Sources */,
				5C6F9BB81EB8F2E9009E52D8 /* CrashesViewController.swift in Sources */,
				042496851EC3CE2F00502B62 /* AppCenterDelegate.swift in Sources */,
				D3C31C291E8E75B300B288CE /* main.m in Sources */,
				D3C31C261E8E75B300B288CE /* AppDelegate.m in Sources */,
				5CD6257A1ECDA4280053DC6C /* AppCenterViewController.swift in Sources */,
				5C6F9BAD1EB8B730009E52D8 /* AnalyticsViewController.swift in Sources */,
				803CFF381F6A87180072B9BA /* PushViewController.swift in Sources */,
				0424968B1EC3D29900502B62 /* AppCenterDelegateObjC.m in Sources */,
			);
			runOnlyForDeploymentPostprocessing = 0;
		};
		D3C31C5C1E8E763600B288CE /* Sources */ = {
			isa = PBXSourcesBuildPhase;
			buildActionMask = 2147483647;
			files = (
				5C9BBC811EC4829200CA77A3 /* AppCenterDelegateSwift.swift in Sources */,
				358F9BCD2019639100B9E22C /* MSEventFilter.m in Sources */,
				C2A4A2691EE7684A0080FD22 /* AppCenterViewController.swift in Sources */,
				F8B8EC741FD853E800445BD4 /* CustomPropertiesViewControler.swift in Sources */,
				042496881EC3CE3700502B62 /* AppCenterProvider.swift in Sources */,
				353332F720126200009B0946 /* EventFilterViewController.swift in Sources */,
				D3C31C631E8E763600B288CE /* AppDelegate.swift in Sources */,
				5C6F9BB91EB8F2E9009E52D8 /* CrashesViewController.swift in Sources */,
				803CFF391F6A87180072B9BA /* PushViewController.swift in Sources */,
				5C6F9BB61EB8EEFC009E52D8 /* AnalyticsViewController.swift in Sources */,
				042496871EC3CE3500502B62 /* AppCenterDelegate.swift in Sources */,
			);
			runOnlyForDeploymentPostprocessing = 0;
		};
/* End PBXSourcesBuildPhase section */

/* Begin PBXVariantGroup section */
		D3C31C151E8E757300B288CE /* SasquatchMac.storyboard */ = {
			isa = PBXVariantGroup;
			children = (
				D3C31C161E8E757300B288CE /* Base */,
			);
			name = SasquatchMac.storyboard;
			sourceTree = "<group>";
		};
/* End PBXVariantGroup section */

/* Begin XCBuildConfiguration section */
		B2A4CFD2210A716E00199B4F /* Debug */ = {
			isa = XCBuildConfiguration;
			buildSettings = {
				CODE_SIGN_ENTITLEMENTS = SasquatchMacObjC/SasquatchMacObjC.entitlements;
				CODE_SIGN_IDENTITY = "Mac Developer";
				CODE_SIGN_STYLE = Manual;
				INFOPLIST_FILE = "$(SRCROOT)/SasquatchMacObjC/Info.plist";
				PRODUCT_BUNDLE_IDENTIFIER = com.microsoft.appcenter.sasquatchobjc.mac;
				PROVISIONING_PROFILE = "2f6d3f51-e725-48b2-b6f3-7cec2f851278";
				PROVISIONING_PROFILE_SPECIFIER = "AppCenter SDK SasquatchObjC Mac Debug";
			};
			name = Debug;
		};
		B2A4CFD3210A716E00199B4F /* Release */ = {
			isa = XCBuildConfiguration;
			buildSettings = {
				CODE_SIGN_ENTITLEMENTS = SasquatchMacObjC/SasquatchMacObjC.entitlements;
				CODE_SIGN_IDENTITY = "Developer ID Application";
				CODE_SIGN_STYLE = Manual;
				INFOPLIST_FILE = "$(SRCROOT)/SasquatchMacObjC/Info.plist";
				PRODUCT_BUNDLE_IDENTIFIER = com.microsoft.appcenter.sasquatchobjc.mac;
				PROVISIONING_PROFILE = "ee3817cc-af76-477c-b3f5-4b7c622f4f7d";
				PROVISIONING_PROFILE_SPECIFIER = "AppCenter SDK SasquatchObj Mac Release In-house";
			};
			name = Release;
		};
		B2A4CFEF210A77D400199B4F /* Debug */ = {
			isa = XCBuildConfiguration;
			buildSettings = {
				CODE_SIGN_ENTITLEMENTS = SasquatchMacSwift/SasquatchMacSwift.entitlements;
				CODE_SIGN_IDENTITY = "Mac Developer";
				CODE_SIGN_STYLE = Manual;
				INFOPLIST_FILE = "$(SRCROOT)/SasquatchMacSwift/Info.plist";
				PRODUCT_BUNDLE_IDENTIFIER = com.microsoft.appcenter.sasquatchswift.mac;
				PROVISIONING_PROFILE = "cb0c0f7a-d8d1-4b90-9aac-98b0acad5847";
				PROVISIONING_PROFILE_SPECIFIER = "AppCenter SDK SasquatchSwift Mac Debug";
			};
			name = Debug;
		};
		B2A4CFF0210A77D400199B4F /* Release */ = {
			isa = XCBuildConfiguration;
			buildSettings = {
				CODE_SIGN_ENTITLEMENTS = SasquatchMacSwift/SasquatchMacSwift.entitlements;
				CODE_SIGN_IDENTITY = "Developer ID Application";
				CODE_SIGN_STYLE = Manual;
				INFOPLIST_FILE = "$(SRCROOT)/SasquatchMacSwift/Info.plist";
				PRODUCT_BUNDLE_IDENTIFIER = com.microsoft.appcenter.sasquatchswift.mac;
				PROVISIONING_PROFILE = "18941b56-5e23-45ca-86df-da36fdbcc922";
				PROVISIONING_PROFILE_SPECIFIER = "AppCenter SDK SasquatchSwift Mac Release In-house";
			};
			name = Release;
		};
		D3C31C191E8E757300B288CE /* Debug */ = {
			isa = XCBuildConfiguration;
			baseConfigurationReference = F84BA0B721133A740020F13B /* Sasquatch Debug.xcconfig */;
			buildSettings = {
				DEVELOPMENT_TEAM = KYJ84ZC369;
			};
			name = Debug;
		};
		D3C31C1A1E8E757300B288CE /* Release */ = {
			isa = XCBuildConfiguration;
			baseConfigurationReference = F84BA0B821133A740020F13B /* Sasquatch.xcconfig */;
			buildSettings = {
				DEVELOPMENT_TEAM = KYJ84ZC369;
			};
			name = Release;
		};
		D3C31C341E8E75B300B288CE /* Debug */ = {
			isa = XCBuildConfiguration;
			buildSettings = {
				CODE_SIGN_ENTITLEMENTS = SasquatchMacObjC/SasquatchMacObjC.entitlements;
				CODE_SIGN_IDENTITY = "Mac Developer";
				CODE_SIGN_STYLE = Automatic;
				INFOPLIST_FILE = SasquatchMacObjC/Info.plist;
				PRODUCT_BUNDLE_IDENTIFIER = com.microsoft.appcenter.sasquatchobjc.mac;
				PROVISIONING_PROFILE = "";
				PROVISIONING_PROFILE_SPECIFIER = "";
			};
			name = Debug;
		};
		D3C31C351E8E75B300B288CE /* Release */ = {
			isa = XCBuildConfiguration;
			buildSettings = {
				CODE_SIGN_ENTITLEMENTS = SasquatchMacObjC/SasquatchMacObjC.entitlements;
				CODE_SIGN_IDENTITY = "Mac Developer";
				CODE_SIGN_STYLE = Automatic;
				INFOPLIST_FILE = SasquatchMacObjC/Info.plist;
				PRODUCT_BUNDLE_IDENTIFIER = com.microsoft.appcenter.sasquatchobjc.mac;
				PROVISIONING_PROFILE = "";
				PROVISIONING_PROFILE_SPECIFIER = "";
			};
			name = Release;
		};
		D3C31C6D1E8E763600B288CE /* Debug */ = {
			isa = XCBuildConfiguration;
			buildSettings = {
				CODE_SIGN_ENTITLEMENTS = SasquatchMacSwift/SasquatchMacSwift.entitlements;
				CODE_SIGN_IDENTITY = "Mac Developer";
				CODE_SIGN_STYLE = Automatic;
				INFOPLIST_FILE = SasquatchMacSwift/Info.plist;
				PRODUCT_BUNDLE_IDENTIFIER = com.microsoft.appcenter.sasquatchswift.mac;
				PROVISIONING_PROFILE = "";
				PROVISIONING_PROFILE_SPECIFIER = "";
			};
			name = Debug;
		};
		D3C31C6E1E8E763600B288CE /* Release */ = {
			isa = XCBuildConfiguration;
			buildSettings = {
				CODE_SIGN_ENTITLEMENTS = SasquatchMacSwift/SasquatchMacSwift.entitlements;
				CODE_SIGN_IDENTITY = "Mac Developer";
				CODE_SIGN_STYLE = Automatic;
				INFOPLIST_FILE = SasquatchMacSwift/Info.plist;
				PRODUCT_BUNDLE_IDENTIFIER = com.microsoft.appcenter.sasquatchswift.mac;
				PROVISIONING_PROFILE = "";
				PROVISIONING_PROFILE_SPECIFIER = "";
			};
			name = Release;
		};
/* End XCBuildConfiguration section */

/* Begin XCConfigurationList section */
		B2A4CFD1210A716E00199B4F /* Build configuration list for PBXNativeTarget "SasquatchMacObjC-Preview" */ = {
			isa = XCConfigurationList;
			buildConfigurations = (
				B2A4CFD2210A716E00199B4F /* Debug */,
				B2A4CFD3210A716E00199B4F /* Release */,
			);
			defaultConfigurationIsVisible = 0;
			defaultConfigurationName = Release;
		};
		B2A4CFEE210A77D400199B4F /* Build configuration list for PBXNativeTarget "SasquatchMacSwift-Preview" */ = {
			isa = XCConfigurationList;
			buildConfigurations = (
				B2A4CFEF210A77D400199B4F /* Debug */,
				B2A4CFF0210A77D400199B4F /* Release */,
			);
			defaultConfigurationIsVisible = 0;
			defaultConfigurationName = Release;
		};
		D3C31C071E8E757300B288CE /* Build configuration list for PBXProject "SasquatchMac" */ = {
			isa = XCConfigurationList;
			buildConfigurations = (
				D3C31C191E8E757300B288CE /* Debug */,
				D3C31C1A1E8E757300B288CE /* Release */,
			);
			defaultConfigurationIsVisible = 0;
			defaultConfigurationName = Release;
		};
		D3C31C331E8E75B300B288CE /* Build configuration list for PBXNativeTarget "SasquatchMacObjC" */ = {
			isa = XCConfigurationList;
			buildConfigurations = (
				D3C31C341E8E75B300B288CE /* Debug */,
				D3C31C351E8E75B300B288CE /* Release */,
			);
			defaultConfigurationIsVisible = 0;
			defaultConfigurationName = Release;
		};
		D3C31C6C1E8E763600B288CE /* Build configuration list for PBXNativeTarget "SasquatchMacSwift" */ = {
			isa = XCConfigurationList;
			buildConfigurations = (
				D3C31C6D1E8E763600B288CE /* Debug */,
				D3C31C6E1E8E763600B288CE /* Release */,
			);
			defaultConfigurationIsVisible = 0;
			defaultConfigurationName = Release;
		};
/* End XCConfigurationList section */
	};
	rootObject = D3C31C041E8E757300B288CE /* Project object */;
}
