// !$*UTF8*$!
{
	archiveVersion = 1;
	classes = {
	};
	objectVersion = 46;
	objects = {

/* Begin PBXAggregateTarget section */
		04FD4A281E451E90009B4468 /* AppCenterDistributeIOSFramework */ = {
			isa = PBXAggregateTarget;
			buildConfigurationList = 04FD4A291E451E90009B4468 /* Build configuration list for PBXAggregateTarget "AppCenterDistributeIOSFramework" */;
			buildPhases = (
				04FD4A2C1E453159009B4468 /* Build framework */,
			);
			dependencies = (
				B2C070C31E5E69E70076D6A9 /* PBXTargetDependency */,
			);
			name = AppCenterDistributeIOSFramework;
			productName = "Fat Framework";
		};
		04FD4A3C1E453640009B4468 /* AppCenterDistributeIOSDoc */ = {
			isa = PBXAggregateTarget;
			buildConfigurationList = 04FD4A3D1E453640009B4468 /* Build configuration list for PBXAggregateTarget "AppCenterDistributeIOSDoc" */;
			buildPhases = (
				04FD4A401E4536B0009B4468 /* Build docs */,
			);
			dependencies = (
				0471B9361E4556570022F951 /* PBXTargetDependency */,
			);
			name = AppCenterDistributeIOSDoc;
			productName = "Jazzy Docs";
		};
/* End PBXAggregateTarget section */

/* Begin PBXBuildFile section */
		040AF0121E523AC2005C1174 /* release_details.json in Resources */ = {isa = PBXBuildFile; fileRef = 040AF0111E523AC2005C1174 /* release_details.json */; };
		040AF0251E523B80005C1174 /* MSReleaseDetailsTests.m in Sources */ = {isa = PBXBuildFile; fileRef = 040AF0231E523B80005C1174 /* MSReleaseDetailsTests.m */; };
		040AF02A1E52748D005C1174 /* MSDistributeIngestionTests.m in Sources */ = {isa = PBXBuildFile; fileRef = 040AF0291E52748D005C1174 /* MSDistributeIngestionTests.m */; };
		040AF0331E52859F005C1174 /* MSIngestionProtocol.h in Headers */ = {isa = PBXBuildFile; fileRef = 040AF0321E52859F005C1174 /* MSIngestionProtocol.h */; };
		0415974B1E9D639D00EC6BDA /* MSDistributionGroupTests.m in Sources */ = {isa = PBXBuildFile; fileRef = 0415974A1E9D639D00EC6BDA /* MSDistributionGroupTests.m */; };
		0420A69C1ECA7C8E00915619 /* OCMock.framework in Frameworks */ = {isa = PBXBuildFile; fileRef = 0420A69B1ECA7C8E00915619 /* OCMock.framework */; };
		046EF5891EAEB524002F6436 /* MSDistributeDelegate.h in Headers */ = {isa = PBXBuildFile; fileRef = 046EF5881EAEB524002F6436 /* MSDistributeDelegate.h */; settings = {ATTRIBUTES = (Public, ); }; };
		046FDBD31E5682FA00AF9DD1 /* MSAlertController.h in Headers */ = {isa = PBXBuildFile; fileRef = 046FDBD11E5682FA00AF9DD1 /* MSAlertController.h */; };
		046FDBD41E5682FA00AF9DD1 /* MSAlertController.m in Sources */ = {isa = PBXBuildFile; fileRef = 046FDBD21E5682FA00AF9DD1 /* MSAlertController.m */; };
		0471B5E41E4544000022F951 /* libAppCenterDistribute.a in Frameworks */ = {isa = PBXBuildFile; fileRef = 04FD4A1C1E451E12009B4468 /* libAppCenterDistribute.a */; };
		0471B8991E4547480022F951 /* MSDistribute.m in Sources */ = {isa = PBXBuildFile; fileRef = 0471B8981E4547480022F951 /* MSDistribute.m */; };
		0471B9331E4555F20022F951 /* AppCenterDistribute.h in Headers */ = {isa = PBXBuildFile; fileRef = 04FD4A1F1E451E12009B4468 /* AppCenterDistribute.h */; settings = {ATTRIBUTES = (Public, ); }; };
		0471B9341E45560C0022F951 /* MSDistribute.h in Headers */ = {isa = PBXBuildFile; fileRef = 0471B89A1E4547750022F951 /* MSDistribute.h */; settings = {ATTRIBUTES = (Public, ); }; };
		0471B93C1E4557620022F951 /* MSServiceAbstract.h in Headers */ = {isa = PBXBuildFile; fileRef = 0471B93B1E4557620022F951 /* MSServiceAbstract.h */; settings = {ATTRIBUTES = (Public, ); }; };
		047D137F1EAFF87500D699BA /* MSReleaseDetailsPrivate.h in Headers */ = {isa = PBXBuildFile; fileRef = 047D137E1EAFF87500D699BA /* MSReleaseDetailsPrivate.h */; settings = {ATTRIBUTES = (Private, ); }; };
		048BB3031E60A40D009D92C2 /* MSReleaseDetails.h in Headers */ = {isa = PBXBuildFile; fileRef = 048BB2FC1E60A40D009D92C2 /* MSReleaseDetails.h */; settings = {ATTRIBUTES = (Public, ); }; };
		048BB3041E60A40D009D92C2 /* MSReleaseDetails.m in Sources */ = {isa = PBXBuildFile; fileRef = 048BB2FD1E60A40D009D92C2 /* MSReleaseDetails.m */; };
		048BB3051E60A40D009D92C2 /* MSDistributionGroup.h in Headers */ = {isa = PBXBuildFile; fileRef = 048BB2FF1E60A40D009D92C2 /* MSDistributionGroup.h */; };
		048BB3061E60A40D009D92C2 /* MSDistributionGroup.m in Sources */ = {isa = PBXBuildFile; fileRef = 048BB3001E60A40D009D92C2 /* MSDistributionGroup.m */; };
		048BB3071E60A40D009D92C2 /* MSDistributeIngestion.h in Headers */ = {isa = PBXBuildFile; fileRef = 048BB3011E60A40D009D92C2 /* MSDistributeIngestion.h */; };
		048BB3081E60A40D009D92C2 /* MSDistributeIngestion.m in Sources */ = {isa = PBXBuildFile; fileRef = 048BB3021E60A40D009D92C2 /* MSDistributeIngestion.m */; };
		04A0820A1F74BBB100DC776D /* MSService.h in Headers */ = {isa = PBXBuildFile; fileRef = 04A082091F74BBB100DC776D /* MSService.h */; settings = {ATTRIBUTES = (Public, ); }; };
		04A140C91ECE89BD001CEE94 /* MSMockUserDefaults.m in Sources */ = {isa = PBXBuildFile; fileRef = 04A140C61ECE89B2001CEE94 /* MSMockUserDefaults.m */; };
		04B45C5B21E9119800FE6746 /* MSBasicMachOParserPrivate.h in Headers */ = {isa = PBXBuildFile; fileRef = 807432C31EE20731003295BA /* MSBasicMachOParserPrivate.h */; settings = {ATTRIBUTES = (Private, ); }; };
		04DC2EC91E78A3B4003F23B5 /* error_details.json in Resources */ = {isa = PBXBuildFile; fileRef = 04DC2EC81E78A3B4003F23B5 /* error_details.json */; };
		04DC2ECB1E78A3E3003F23B5 /* MSErrorDetailsTests.m in Sources */ = {isa = PBXBuildFile; fileRef = 04DC2ECA1E78A3E3003F23B5 /* MSErrorDetailsTests.m */; };
		04FD4A341E453531009B4468 /* MSDistributeTests.m in Sources */ = {isa = PBXBuildFile; fileRef = 04FD4A331E453531009B4468 /* MSDistributeTests.m */; };
		04FD4A4B1E453930009B4468 /* libAppCenter.a in Frameworks */ = {isa = PBXBuildFile; fileRef = 04FD4A4A1E453930009B4468 /* libAppCenter.a */; };
		383A2FE41EBA308700817742 /* MSDistributeAppDelegate.h in Headers */ = {isa = PBXBuildFile; fileRef = 383A2FE31EBA308700817742 /* MSDistributeAppDelegate.h */; };
		383A2FE61EBA30B300817742 /* MSDistributeAppDelegate.m in Sources */ = {isa = PBXBuildFile; fileRef = 383A2FE51EBA30B300817742 /* MSDistributeAppDelegate.m */; };
		384135BE1FD99B5400FC7836 /* MSDistributeDataMigration.h in Headers */ = {isa = PBXBuildFile; fileRef = 384135BD1FD99B5400FC7836 /* MSDistributeDataMigration.h */; };
		384135C01FD99EB400FC7836 /* MSDistributeDataMigration.m in Sources */ = {isa = PBXBuildFile; fileRef = 384135BF1FD99EB400FC7836 /* MSDistributeDataMigration.m */; };
		387CC631210A9D9C002BA068 /* MSMockKeychainUtil.m in Sources */ = {isa = PBXBuildFile; fileRef = 387CC630210A9D9C002BA068 /* MSMockKeychainUtil.m */; };
		388B559B1E64B3FD00E4F1D7 /* MSBasicMachOParser.m in Sources */ = {isa = PBXBuildFile; fileRef = 388B55991E64B3FD00E4F1D7 /* MSBasicMachOParser.m */; };
		388B559C1E64B3FD00E4F1D7 /* MSBasicMachOParser.h in Headers */ = {isa = PBXBuildFile; fileRef = 388B559A1E64B3FD00E4F1D7 /* MSBasicMachOParser.h */; };
		389638A41E79F59D007C3809 /* MSDistributeTestUtil.m in Sources */ = {isa = PBXBuildFile; fileRef = 389638A31E79F59D007C3809 /* MSDistributeTestUtil.m */; };
		38A6835E1E774D9F00A63BC8 /* MSSemVerPreReleaseId.m in Sources */ = {isa = PBXBuildFile; fileRef = 38A6835A1E774D9F00A63BC8 /* MSSemVerPreReleaseId.m */; };
		38A6835F1E774D9F00A63BC8 /* MSSemVerPreReleaseId.h in Headers */ = {isa = PBXBuildFile; fileRef = 38A6835B1E774D9F00A63BC8 /* MSSemVerPreReleaseId.h */; };
		38A683601E774D9F00A63BC8 /* MSSemVer.m in Sources */ = {isa = PBXBuildFile; fileRef = 38A6835C1E774D9F00A63BC8 /* MSSemVer.m */; };
		38A683611E774D9F00A63BC8 /* MSSemVer.h in Headers */ = {isa = PBXBuildFile; fileRef = 38A6835D1E774D9F00A63BC8 /* MSSemVer.h */; };
		38A683641E774DCE00A63BC8 /* MSSemVerTests.m in Sources */ = {isa = PBXBuildFile; fileRef = 38A683621E774DCE00A63BC8 /* MSSemVerTests.m */; };
		38A683651E774DCE00A63BC8 /* MSSemVerPreReleaseIdTest.m in Sources */ = {isa = PBXBuildFile; fileRef = 38A683631E774DCE00A63BC8 /* MSSemVerPreReleaseIdTest.m */; };
		38C9C56C1E565BF600B0FA0D /* MSDistributePrivate.h in Headers */ = {isa = PBXBuildFile; fileRef = 38C9C56B1E565BF600B0FA0D /* MSDistributePrivate.h */; settings = {ATTRIBUTES = (Private, ); }; };
		38D25E391E7B0AAC00033FC4 /* OCHamcrestIOS.framework in Frameworks */ = {isa = PBXBuildFile; fileRef = 380304421E7B007E006A55FB /* OCHamcrestIOS.framework */; };
		38E3FB1F1FD8A2A500779293 /* MSDistributeDataMigrationTests.m in Sources */ = {isa = PBXBuildFile; fileRef = 386A69EF1FD88A9B0057B316 /* MSDistributeDataMigrationTests.m */; };
		586032CABA2AC5DAA00BAB53 /* MSDistributeInfoTracker.m in Sources */ = {isa = PBXBuildFile; fileRef = 586031A5F44AF875F6226F45 /* MSDistributeInfoTracker.m */; };
		5860330D3F7DC07BC2E141A2 /* MSDistributeInfoTracker.h in Headers */ = {isa = PBXBuildFile; fileRef = 5860311B1C15B2BE9ED430A1 /* MSDistributeInfoTracker.h */; };
		58603D3986EEE50CBFAFD4BC /* MSDistributeInfoTrackerTests.m in Sources */ = {isa = PBXBuildFile; fileRef = 586030B2AAEEE6A568D37CE9 /* MSDistributeInfoTrackerTests.m */; };
		80324E301F4DC81F005F4E11 /* MSDistributeAppDelegateTests.m in Sources */ = {isa = PBXBuildFile; fileRef = 80324E2F1F4DC81E005F4E11 /* MSDistributeAppDelegateTests.m */; };
		848860451E6EC32B003A9B96 /* MSBasicMachOParserTests.m in Sources */ = {isa = PBXBuildFile; fileRef = 848860441E6EC32B003A9B96 /* MSBasicMachOParserTests.m */; };
		9E4ADB16203D37FB00172256 /* MSDistributionStartSessionLog.m in Sources */ = {isa = PBXBuildFile; fileRef = 9E4ADB15203D37FB00172256 /* MSDistributionStartSessionLog.m */; };
		9E8E3A39203E68B4001A23FD /* MSDistributionStartSessionLogTest.m in Sources */ = {isa = PBXBuildFile; fileRef = 9E8E3A38203E68B4001A23FD /* MSDistributionStartSessionLogTest.m */; };
		B20DE7B71E5F97330023075C /* MSDistributeUtilTests.m in Sources */ = {isa = PBXBuildFile; fileRef = B20DE7B61E5F97330023075C /* MSDistributeUtilTests.m */; };
		B25895AA1E4E9FD400123632 /* MSDistributeInternal.h in Headers */ = {isa = PBXBuildFile; fileRef = B25895A91E4E9BA100123632 /* MSDistributeInternal.h */; };
		B270108D1E5FA2E4008552EF /* release_details.json in Resources */ = {isa = PBXBuildFile; fileRef = 040AF0111E523AC2005C1174 /* release_details.json */; };
		B2C070A51E5E62330076D6A9 /* MSDistributeUtil.h in Headers */ = {isa = PBXBuildFile; fileRef = B2C070A31E5E62330076D6A9 /* MSDistributeUtil.h */; };
		B2C070A61E5E62330076D6A9 /* MSDistributeUtil.m in Sources */ = {isa = PBXBuildFile; fileRef = B2C070A41E5E62330076D6A9 /* MSDistributeUtil.m */; };
		B2C070C01E5E69AD0076D6A9 /* AppCenterDistributeResources.bundle in Resources */ = {isa = PBXBuildFile; fileRef = B2C070B81E5E68540076D6A9 /* AppCenterDistributeResources.bundle */; };
		B2C070C11E5E69D00076D6A9 /* AppCenterDistribute.strings in Resources */ = {isa = PBXBuildFile; fileRef = B29CE3471E5E5F9A00CEB04D /* AppCenterDistribute.strings */; };
		B2C070C51E5E6A200076D6A9 /* AppCenterDistributeResources.bundle in Resources */ = {isa = PBXBuildFile; fileRef = B2C070B81E5E68540076D6A9 /* AppCenterDistributeResources.bundle */; };
		BA682AC831677E0806CA2359 /* MSErrorDetails.h in Headers */ = {isa = PBXBuildFile; fileRef = BA6820A043C816916AF34A04 /* MSErrorDetails.h */; };
		BA682C81BA750CA5FCB63A51 /* MSErrorDetails.m in Sources */ = {isa = PBXBuildFile; fileRef = BA6826E3C58372A269A6B43A /* MSErrorDetails.m */; };
		F82E4C83217F217F00EDAB34 /* sqlite3.c in Sources */ = {isa = PBXBuildFile; fileRef = F82E4C82217F217F00EDAB34 /* sqlite3.c */; settings = {COMPILER_FLAGS = "-w"; }; };
		F8BEA3CA1FBB0A6E00D4DE37 /* OHHTTPStubs.framework in Frameworks */ = {isa = PBXBuildFile; fileRef = F8BEA3C81FBB0A5900D4DE37 /* OHHTTPStubs.framework */; };
		F8BEA3CF1FBB0BE400D4DE37 /* MSHttpTestUtil.m in Sources */ = {isa = PBXBuildFile; fileRef = F8BEA3CB1FBB0BDE00D4DE37 /* MSHttpTestUtil.m */; };
/* End PBXBuildFile section */

/* Begin PBXContainerItemProxy section */
		0471B9351E4556570022F951 /* PBXContainerItemProxy */ = {
			isa = PBXContainerItemProxy;
			containerPortal = 04FD4A141E451E12009B4468 /* Project object */;
			proxyType = 1;
			remoteGlobalIDString = 04FD4A281E451E90009B4468;
			remoteInfo = "Fat Framework";
		};
		04FD4A371E453531009B4468 /* PBXContainerItemProxy */ = {
			isa = PBXContainerItemProxy;
			containerPortal = 04FD4A141E451E12009B4468 /* Project object */;
			proxyType = 1;
			remoteGlobalIDString = 04FD4A1B1E451E12009B4468;
			remoteInfo = AppCenterDistributeIOS;
		};
		B2C070BE1E5E697C0076D6A9 /* PBXContainerItemProxy */ = {
			isa = PBXContainerItemProxy;
			containerPortal = 04FD4A141E451E12009B4468 /* Project object */;
			proxyType = 1;
			remoteGlobalIDString = B2C070B71E5E68540076D6A9;
			remoteInfo = AppCenterDistributeResources;
		};
		B2C070C21E5E69E70076D6A9 /* PBXContainerItemProxy */ = {
			isa = PBXContainerItemProxy;
			containerPortal = 04FD4A141E451E12009B4468 /* Project object */;
			proxyType = 1;
			remoteGlobalIDString = B2C070B71E5E68540076D6A9;
			remoteInfo = AppCenterDistributeResources;
		};
/* End PBXContainerItemProxy section */

/* Begin PBXCopyFilesBuildPhase section */
		04FD4A1A1E451E12009B4468 /* CopyFiles */ = {
			isa = PBXCopyFilesBuildPhase;
			buildActionMask = 12;
			dstPath = "include/$(PRODUCT_NAME)";
			dstSubfolderSpec = 16;
			files = (
			);
			runOnlyForDeploymentPostprocessing = 0;
		};
/* End PBXCopyFilesBuildPhase section */

/* Begin PBXFileReference section */
		040AF0111E523AC2005C1174 /* release_details.json */ = {isa = PBXFileReference; fileEncoding = 4; lastKnownFileType = text.json; path = release_details.json; sourceTree = "<group>"; };
		040AF0231E523B80005C1174 /* MSReleaseDetailsTests.m */ = {isa = PBXFileReference; fileEncoding = 4; lastKnownFileType = sourcecode.c.objc; path = MSReleaseDetailsTests.m; sourceTree = "<group>"; };
		040AF0291E52748D005C1174 /* MSDistributeIngestionTests.m */ = {isa = PBXFileReference; fileEncoding = 4; lastKnownFileType = sourcecode.c.objc; path = MSDistributeIngestionTests.m; sourceTree = "<group>"; };
		040AF0321E52859F005C1174 /* MSIngestionProtocol.h */ = {isa = PBXFileReference; fileEncoding = 4; lastKnownFileType = sourcecode.c.h; name = MSIngestionProtocol.h; path = ../AppCenter/AppCenter/Internals/Ingestion/MSIngestionProtocol.h; sourceTree = "<group>"; };
		0415974A1E9D639D00EC6BDA /* MSDistributionGroupTests.m */ = {isa = PBXFileReference; fileEncoding = 4; lastKnownFileType = sourcecode.c.objc; path = MSDistributionGroupTests.m; sourceTree = "<group>"; };
		041CFFA31ECD0E0E00B4654B /* Tests iOS.xcconfig */ = {isa = PBXFileReference; fileEncoding = 4; lastKnownFileType = text.xcconfig; name = "Tests iOS.xcconfig"; path = "../../Config/Tests iOS.xcconfig"; sourceTree = "<group>"; };
		0420A69B1ECA7C8E00915619 /* OCMock.framework */ = {isa = PBXFileReference; lastKnownFileType = wrapper.framework; name = OCMock.framework; path = ../../iOS/OCMock/OCMock.framework; sourceTree = "<group>"; };
		04311FF71EE0871D007054C5 /* MSTestFrameworks.h */ = {isa = PBXFileReference; fileEncoding = 4; lastKnownFileType = sourcecode.c.h; name = MSTestFrameworks.h; path = ../../../AppCenter/AppCenterTests/Util/MSTestFrameworks.h; sourceTree = "<group>"; };
		043E2AB31F4E024300615AD9 /* AppCenterDistribute Release.xcconfig */ = {isa = PBXFileReference; fileEncoding = 4; lastKnownFileType = text.xcconfig; path = "AppCenterDistribute Release.xcconfig"; sourceTree = "<group>"; };
		046BE6481F8C1A7900310886 /* zh-Hans */ = {isa = PBXFileReference; lastKnownFileType = text.plist.strings; name = "zh-Hans"; path = "Resources/zh-Hans.lproj/AppCenterDistribute.strings"; sourceTree = "<group>"; };
		046BE6491F8C1A9900310886 /* zh-Hant */ = {isa = PBXFileReference; lastKnownFileType = text.plist.strings; name = "zh-Hant"; path = "Resources/zh-Hant.lproj/AppCenterDistribute.strings"; sourceTree = "<group>"; };
		046BE64A1F8C1AB600310886 /* ko */ = {isa = PBXFileReference; lastKnownFileType = text.plist.strings; name = ko; path = Resources/ko.lproj/AppCenterDistribute.strings; sourceTree = "<group>"; };
		046BE64B1F8C1ACE00310886 /* ja */ = {isa = PBXFileReference; lastKnownFileType = text.plist.strings; name = ja; path = Resources/ja.lproj/AppCenterDistribute.strings; sourceTree = "<group>"; };
		046BE64C1F8C1AE100310886 /* it */ = {isa = PBXFileReference; lastKnownFileType = text.plist.strings; name = it; path = Resources/it.lproj/AppCenterDistribute.strings; sourceTree = "<group>"; };
		046BE64D1F8C1AF200310886 /* pl */ = {isa = PBXFileReference; lastKnownFileType = text.plist.strings; name = pl; path = Resources/pl.lproj/AppCenterDistribute.strings; sourceTree = "<group>"; };
		046BE64E1F8C1B0900310886 /* es */ = {isa = PBXFileReference; lastKnownFileType = text.plist.strings; name = es; path = Resources/es.lproj/AppCenterDistribute.strings; sourceTree = "<group>"; };
		046BE64F1F8C1B1E00310886 /* cs */ = {isa = PBXFileReference; lastKnownFileType = text.plist.strings; name = cs; path = Resources/cs.lproj/AppCenterDistribute.strings; sourceTree = "<group>"; };
		046BE6501F8C1B9900310886 /* tr */ = {isa = PBXFileReference; lastKnownFileType = text.plist.strings; name = tr; path = Resources/tr.lproj/AppCenterDistribute.strings; sourceTree = "<group>"; };
		046EF5881EAEB524002F6436 /* MSDistributeDelegate.h */ = {isa = PBXFileReference; fileEncoding = 4; lastKnownFileType = sourcecode.c.h; path = MSDistributeDelegate.h; sourceTree = "<group>"; };
		046FDBD11E5682FA00AF9DD1 /* MSAlertController.h */ = {isa = PBXFileReference; fileEncoding = 4; lastKnownFileType = sourcecode.c.h; name = MSAlertController.h; path = ../../Vendor/iOS/MSAlertController/MSAlertController.h; sourceTree = "<group>"; };
		046FDBD21E5682FA00AF9DD1 /* MSAlertController.m */ = {isa = PBXFileReference; fileEncoding = 4; lastKnownFileType = sourcecode.c.objc; name = MSAlertController.m; path = ../../Vendor/iOS/MSAlertController/MSAlertController.m; sourceTree = "<group>"; };
		0471B5F41E45466F0022F951 /* AppCenterDistribute Debug.xcconfig */ = {isa = PBXFileReference; fileEncoding = 4; lastKnownFileType = text.xcconfig; path = "AppCenterDistribute Debug.xcconfig"; sourceTree = "<group>"; };
		0471B8981E4547480022F951 /* MSDistribute.m */ = {isa = PBXFileReference; fileEncoding = 4; lastKnownFileType = sourcecode.c.objc; path = MSDistribute.m; sourceTree = "<group>"; };
		0471B89A1E4547750022F951 /* MSDistribute.h */ = {isa = PBXFileReference; fileEncoding = 4; lastKnownFileType = sourcecode.c.h; path = MSDistribute.h; sourceTree = "<group>"; };
		0471B93B1E4557620022F951 /* MSServiceAbstract.h */ = {isa = PBXFileReference; fileEncoding = 4; lastKnownFileType = sourcecode.c.h; name = MSServiceAbstract.h; path = ../AppCenter/AppCenter/MSServiceAbstract.h; sourceTree = "<group>"; };
		047D137E1EAFF87500D699BA /* MSReleaseDetailsPrivate.h */ = {isa = PBXFileReference; fileEncoding = 4; lastKnownFileType = sourcecode.c.h; path = MSReleaseDetailsPrivate.h; sourceTree = "<group>"; };
		048210261FD08C42006824F7 /* pt */ = {isa = PBXFileReference; lastKnownFileType = text.plist.strings; name = pt; path = Resources/pt.lproj/AppCenterDistribute.strings; sourceTree = "<group>"; };
		048BB2FC1E60A40D009D92C2 /* MSReleaseDetails.h */ = {isa = PBXFileReference; fileEncoding = 4; lastKnownFileType = sourcecode.c.h; path = MSReleaseDetails.h; sourceTree = "<group>"; };
		048BB2FD1E60A40D009D92C2 /* MSReleaseDetails.m */ = {isa = PBXFileReference; fileEncoding = 4; lastKnownFileType = sourcecode.c.objc; path = MSReleaseDetails.m; sourceTree = "<group>"; };
		048BB2FF1E60A40D009D92C2 /* MSDistributionGroup.h */ = {isa = PBXFileReference; fileEncoding = 4; lastKnownFileType = sourcecode.c.h; name = MSDistributionGroup.h; path = ../Ingestion/MSDistributionGroup.h; sourceTree = "<group>"; };
		048BB3001E60A40D009D92C2 /* MSDistributionGroup.m */ = {isa = PBXFileReference; fileEncoding = 4; lastKnownFileType = sourcecode.c.objc; name = MSDistributionGroup.m; path = ../Ingestion/MSDistributionGroup.m; sourceTree = "<group>"; };
		048BB3011E60A40D009D92C2 /* MSDistributeIngestion.h */ = {isa = PBXFileReference; fileEncoding = 4; lastKnownFileType = sourcecode.c.h; path = MSDistributeIngestion.h; sourceTree = "<group>"; };
		048BB3021E60A40D009D92C2 /* MSDistributeIngestion.m */ = {isa = PBXFileReference; fileEncoding = 4; lastKnownFileType = sourcecode.c.objc; path = MSDistributeIngestion.m; sourceTree = "<group>"; };
		049BC8221ECE349200FB6719 /* iOS.xcconfig */ = {isa = PBXFileReference; fileEncoding = 4; lastKnownFileType = text.xcconfig; path = iOS.xcconfig; sourceTree = "<group>"; };
		049BC8271ECE387A00FB6719 /* iOS.modulemap */ = {isa = PBXFileReference; fileEncoding = 4; lastKnownFileType = "sourcecode.module-map"; path = iOS.modulemap; sourceTree = "<group>"; };
		04A082091F74BBB100DC776D /* MSService.h */ = {isa = PBXFileReference; fileEncoding = 4; lastKnownFileType = sourcecode.c.h; name = MSService.h; path = ../AppCenter/AppCenter/MSService.h; sourceTree = "<group>"; };
		04A140C51ECE89B2001CEE94 /* MSMockUserDefaults.h */ = {isa = PBXFileReference; fileEncoding = 4; lastKnownFileType = sourcecode.c.h; name = MSMockUserDefaults.h; path = ../../../AppCenter/AppCenterTests/Util/MSMockUserDefaults.h; sourceTree = "<group>"; };
		04A140C61ECE89B2001CEE94 /* MSMockUserDefaults.m */ = {isa = PBXFileReference; fileEncoding = 4; lastKnownFileType = sourcecode.c.objc; name = MSMockUserDefaults.m; path = ../../../AppCenter/AppCenterTests/Util/MSMockUserDefaults.m; sourceTree = "<group>"; };
		04DC2EC81E78A3B4003F23B5 /* error_details.json */ = {isa = PBXFileReference; fileEncoding = 4; lastKnownFileType = text.json; path = error_details.json; sourceTree = "<group>"; };
		04DC2ECA1E78A3E3003F23B5 /* MSErrorDetailsTests.m */ = {isa = PBXFileReference; fileEncoding = 4; lastKnownFileType = sourcecode.c.objc; path = MSErrorDetailsTests.m; sourceTree = "<group>"; };
		04FD4A1C1E451E12009B4468 /* libAppCenterDistribute.a */ = {isa = PBXFileReference; explicitFileType = archive.ar; includeInIndex = 0; path = libAppCenterDistribute.a; sourceTree = BUILT_PRODUCTS_DIR; };
		04FD4A1F1E451E12009B4468 /* AppCenterDistribute.h */ = {isa = PBXFileReference; lastKnownFileType = sourcecode.c.h; path = AppCenterDistribute.h; sourceTree = "<group>"; };
		04FD4A311E453531009B4468 /* AppCenterDistribute.xctest */ = {isa = PBXFileReference; explicitFileType = wrapper.cfbundle; includeInIndex = 0; path = AppCenterDistribute.xctest; sourceTree = BUILT_PRODUCTS_DIR; };
		04FD4A331E453531009B4468 /* MSDistributeTests.m */ = {isa = PBXFileReference; lastKnownFileType = sourcecode.c.objc; path = MSDistributeTests.m; sourceTree = "<group>"; };
		04FD4A351E453531009B4468 /* Info.plist */ = {isa = PBXFileReference; lastKnownFileType = text.plist.xml; path = Info.plist; sourceTree = "<group>"; };
		04FD4A4A1E453930009B4468 /* libAppCenter.a */ = {isa = PBXFileReference; lastKnownFileType = archive.ar; name = libAppCenter.a; path = "../../../../Library/Developer/Xcode/DerivedData/MobileCenter-cxbmzrupyysdsehdxmozcvjphajr/Build/Products/Debug-iphonesimulator/libAppCenter.a"; sourceTree = "<group>"; };
		380304421E7B007E006A55FB /* OCHamcrestIOS.framework */ = {isa = PBXFileReference; lastKnownFileType = wrapper.framework; path = OCHamcrestIOS.framework; sourceTree = "<group>"; };
		383A2FE31EBA308700817742 /* MSDistributeAppDelegate.h */ = {isa = PBXFileReference; fileEncoding = 4; lastKnownFileType = sourcecode.c.h; path = MSDistributeAppDelegate.h; sourceTree = "<group>"; };
		383A2FE51EBA30B300817742 /* MSDistributeAppDelegate.m */ = {isa = PBXFileReference; fileEncoding = 4; lastKnownFileType = sourcecode.c.objc; path = MSDistributeAppDelegate.m; sourceTree = "<group>"; };
		384135BD1FD99B5400FC7836 /* MSDistributeDataMigration.h */ = {isa = PBXFileReference; fileEncoding = 4; lastKnownFileType = sourcecode.c.h; path = MSDistributeDataMigration.h; sourceTree = "<group>"; };
		384135BF1FD99EB400FC7836 /* MSDistributeDataMigration.m */ = {isa = PBXFileReference; fileEncoding = 4; lastKnownFileType = sourcecode.c.objc; path = MSDistributeDataMigration.m; sourceTree = "<group>"; };
		386A69EF1FD88A9B0057B316 /* MSDistributeDataMigrationTests.m */ = {isa = PBXFileReference; lastKnownFileType = sourcecode.c.objc; path = MSDistributeDataMigrationTests.m; sourceTree = "<group>"; };
		387CC62F210A9D9C002BA068 /* MSMockKeychainUtil.h */ = {isa = PBXFileReference; fileEncoding = 4; lastKnownFileType = sourcecode.c.h; name = MSMockKeychainUtil.h; path = ../../../AppCenter/AppCenterTests/Util/MSMockKeychainUtil.h; sourceTree = "<group>"; };
		387CC630210A9D9C002BA068 /* MSMockKeychainUtil.m */ = {isa = PBXFileReference; fileEncoding = 4; lastKnownFileType = sourcecode.c.objc; name = MSMockKeychainUtil.m; path = ../../../AppCenter/AppCenterTests/Util/MSMockKeychainUtil.m; sourceTree = "<group>"; };
		388B55991E64B3FD00E4F1D7 /* MSBasicMachOParser.m */ = {isa = PBXFileReference; fileEncoding = 4; lastKnownFileType = sourcecode.c.objc; name = MSBasicMachOParser.m; path = ../MSBasicMachOParser.m; sourceTree = "<group>"; };
		388B559A1E64B3FD00E4F1D7 /* MSBasicMachOParser.h */ = {isa = PBXFileReference; fileEncoding = 4; lastKnownFileType = sourcecode.c.h; name = MSBasicMachOParser.h; path = ../MSBasicMachOParser.h; sourceTree = "<group>"; };
		389638A31E79F59D007C3809 /* MSDistributeTestUtil.m */ = {isa = PBXFileReference; fileEncoding = 4; lastKnownFileType = sourcecode.c.objc; path = MSDistributeTestUtil.m; sourceTree = "<group>"; };
		389638A51E79F60F007C3809 /* MSDistributeTestUtil.h */ = {isa = PBXFileReference; fileEncoding = 4; lastKnownFileType = sourcecode.c.h; path = MSDistributeTestUtil.h; sourceTree = "<group>"; };
		38A6835A1E774D9F00A63BC8 /* MSSemVerPreReleaseId.m */ = {isa = PBXFileReference; fileEncoding = 4; lastKnownFileType = sourcecode.c.objc; path = MSSemVerPreReleaseId.m; sourceTree = "<group>"; };
		38A6835B1E774D9F00A63BC8 /* MSSemVerPreReleaseId.h */ = {isa = PBXFileReference; fileEncoding = 4; lastKnownFileType = sourcecode.c.h; path = MSSemVerPreReleaseId.h; sourceTree = "<group>"; };
		38A6835C1E774D9F00A63BC8 /* MSSemVer.m */ = {isa = PBXFileReference; fileEncoding = 4; lastKnownFileType = sourcecode.c.objc; path = MSSemVer.m; sourceTree = "<group>"; };
		38A6835D1E774D9F00A63BC8 /* MSSemVer.h */ = {isa = PBXFileReference; fileEncoding = 4; lastKnownFileType = sourcecode.c.h; path = MSSemVer.h; sourceTree = "<group>"; };
		38A683621E774DCE00A63BC8 /* MSSemVerTests.m */ = {isa = PBXFileReference; fileEncoding = 4; lastKnownFileType = sourcecode.c.objc; path = MSSemVerTests.m; sourceTree = "<group>"; };
		38A683631E774DCE00A63BC8 /* MSSemVerPreReleaseIdTest.m */ = {isa = PBXFileReference; fileEncoding = 4; lastKnownFileType = sourcecode.c.objc; path = MSSemVerPreReleaseIdTest.m; sourceTree = "<group>"; };
		38C9C56B1E565BF600B0FA0D /* MSDistributePrivate.h */ = {isa = PBXFileReference; fileEncoding = 4; lastKnownFileType = sourcecode.c.h; name = MSDistributePrivate.h; path = ../MSDistributePrivate.h; sourceTree = "<group>"; };
		586030B2AAEEE6A568D37CE9 /* MSDistributeInfoTrackerTests.m */ = {isa = PBXFileReference; fileEncoding = 4; lastKnownFileType = sourcecode.c.objc; path = MSDistributeInfoTrackerTests.m; sourceTree = "<group>"; };
		5860311B1C15B2BE9ED430A1 /* MSDistributeInfoTracker.h */ = {isa = PBXFileReference; fileEncoding = 4; lastKnownFileType = sourcecode.c.h; path = MSDistributeInfoTracker.h; sourceTree = "<group>"; };
		586031A5F44AF875F6226F45 /* MSDistributeInfoTracker.m */ = {isa = PBXFileReference; fileEncoding = 4; lastKnownFileType = sourcecode.c.objc; path = MSDistributeInfoTracker.m; sourceTree = "<group>"; };
		80324E2F1F4DC81E005F4E11 /* MSDistributeAppDelegateTests.m */ = {isa = PBXFileReference; fileEncoding = 4; lastKnownFileType = sourcecode.c.objc; path = MSDistributeAppDelegateTests.m; sourceTree = "<group>"; };
		807432C31EE20731003295BA /* MSBasicMachOParserPrivate.h */ = {isa = PBXFileReference; lastKnownFileType = sourcecode.c.h; name = MSBasicMachOParserPrivate.h; path = ../MSBasicMachOParserPrivate.h; sourceTree = "<group>"; };
		848860441E6EC32B003A9B96 /* MSBasicMachOParserTests.m */ = {isa = PBXFileReference; fileEncoding = 4; lastKnownFileType = sourcecode.c.objc; path = MSBasicMachOParserTests.m; sourceTree = "<group>"; };
		9E4ADB15203D37FB00172256 /* MSDistributionStartSessionLog.m */ = {isa = PBXFileReference; lastKnownFileType = sourcecode.c.objc; path = MSDistributionStartSessionLog.m; sourceTree = "<group>"; };
		9E4ADB17203D383D00172256 /* MSDistributionStartSessionLog.h */ = {isa = PBXFileReference; lastKnownFileType = sourcecode.c.h; path = MSDistributionStartSessionLog.h; sourceTree = "<group>"; };
		9E8E3A38203E68B4001A23FD /* MSDistributionStartSessionLogTest.m */ = {isa = PBXFileReference; lastKnownFileType = sourcecode.c.objc; path = MSDistributionStartSessionLogTest.m; sourceTree = "<group>"; };
		B20DE7B61E5F97330023075C /* MSDistributeUtilTests.m */ = {isa = PBXFileReference; fileEncoding = 4; lastKnownFileType = sourcecode.c.objc; path = MSDistributeUtilTests.m; sourceTree = "<group>"; };
		B25895A91E4E9BA100123632 /* MSDistributeInternal.h */ = {isa = PBXFileReference; lastKnownFileType = sourcecode.c.h; path = MSDistributeInternal.h; sourceTree = "<group>"; };
		B29CE3481E5E5F9A00CEB04D /* en */ = {isa = PBXFileReference; lastKnownFileType = text.plist.strings; name = en; path = AppCenterDistribute/Resources/en.lproj/AppCenterDistribute.strings; sourceTree = SOURCE_ROOT; };
		B29CE3491E5E5FBB00CEB04D /* fr */ = {isa = PBXFileReference; lastKnownFileType = text.plist.strings; name = fr; path = AppCenterDistribute/Resources/fr.lproj/AppCenterDistribute.strings; sourceTree = SOURCE_ROOT; };
		B2C070A21E5E61830076D6A9 /* de */ = {isa = PBXFileReference; lastKnownFileType = text.plist.strings; name = de; path = Resources/de.lproj/AppCenterDistribute.strings; sourceTree = "<group>"; };
		B2C070A31E5E62330076D6A9 /* MSDistributeUtil.h */ = {isa = PBXFileReference; fileEncoding = 4; lastKnownFileType = sourcecode.c.h; name = MSDistributeUtil.h; path = ../MSDistributeUtil.h; sourceTree = "<group>"; };
		B2C070A41E5E62330076D6A9 /* MSDistributeUtil.m */ = {isa = PBXFileReference; fileEncoding = 4; lastKnownFileType = sourcecode.c.objc; name = MSDistributeUtil.m; path = ../MSDistributeUtil.m; sourceTree = "<group>"; };
		B2C070B81E5E68540076D6A9 /* AppCenterDistributeResources.bundle */ = {isa = PBXFileReference; explicitFileType = wrapper.cfbundle; includeInIndex = 0; path = AppCenterDistributeResources.bundle; sourceTree = BUILT_PRODUCTS_DIR; };
		B2C070BA1E5E68540076D6A9 /* Info.plist */ = {isa = PBXFileReference; lastKnownFileType = text.plist.xml; path = Info.plist; sourceTree = "<group>"; };
		BA6820A043C816916AF34A04 /* MSErrorDetails.h */ = {isa = PBXFileReference; fileEncoding = 4; lastKnownFileType = sourcecode.c.h; path = MSErrorDetails.h; sourceTree = "<group>"; };
		BA6826E3C58372A269A6B43A /* MSErrorDetails.m */ = {isa = PBXFileReference; fileEncoding = 4; lastKnownFileType = sourcecode.c.objc; path = MSErrorDetails.m; sourceTree = "<group>"; };
		F82E4C82217F217F00EDAB34 /* sqlite3.c */ = {isa = PBXFileReference; fileEncoding = 4; lastKnownFileType = sourcecode.c.c; name = sqlite3.c; path = ../../Vendor/SQLite3/sqlite3.c; sourceTree = "<group>"; };
		F8646E651F349C6D006080AC /* ru */ = {isa = PBXFileReference; lastKnownFileType = text.plist.strings; name = ru; path = Resources/ru.lproj/AppCenterDistribute.strings; sourceTree = "<group>"; };
		F8B8EAE621106436004BCECB /* Resources.xcconfig */ = {isa = PBXFileReference; lastKnownFileType = text.xcconfig; path = Resources.xcconfig; sourceTree = "<group>"; };
		F8BEA3C81FBB0A5900D4DE37 /* OHHTTPStubs.framework */ = {isa = PBXFileReference; lastKnownFileType = wrapper.framework; path = OHHTTPStubs.framework; sourceTree = "<group>"; };
		F8BEA3CB1FBB0BDE00D4DE37 /* MSHttpTestUtil.m */ = {isa = PBXFileReference; fileEncoding = 4; lastKnownFileType = sourcecode.c.objc; name = MSHttpTestUtil.m; path = ../../../AppCenter/AppCenterTests/Util/MSHttpTestUtil.m; sourceTree = "<group>"; };
		F8BEA3CC1FBB0BDE00D4DE37 /* MSHttpTestUtil.h */ = {isa = PBXFileReference; fileEncoding = 4; lastKnownFileType = sourcecode.c.h; name = MSHttpTestUtil.h; path = ../../../AppCenter/AppCenterTests/Util/MSHttpTestUtil.h; sourceTree = "<group>"; };
/* End PBXFileReference section */

/* Begin PBXFrameworksBuildPhase section */
		04FD4A191E451E12009B4468 /* Frameworks */ = {
			isa = PBXFrameworksBuildPhase;
			buildActionMask = 2147483647;
			files = (
			);
			runOnlyForDeploymentPostprocessing = 0;
		};
		04FD4A2E1E453531009B4468 /* Frameworks */ = {
			isa = PBXFrameworksBuildPhase;
			buildActionMask = 2147483647;
			files = (
				04FD4A4B1E453930009B4468 /* libAppCenter.a in Frameworks */,
				0471B5E41E4544000022F951 /* libAppCenterDistribute.a in Frameworks */,
				38D25E391E7B0AAC00033FC4 /* OCHamcrestIOS.framework in Frameworks */,
				0420A69C1ECA7C8E00915619 /* OCMock.framework in Frameworks */,
				F8BEA3CA1FBB0A6E00D4DE37 /* OHHTTPStubs.framework in Frameworks */,
			);
			runOnlyForDeploymentPostprocessing = 0;
		};
		B2C070B51E5E68540076D6A9 /* Frameworks */ = {
			isa = PBXFrameworksBuildPhase;
			buildActionMask = 2147483647;
			files = (
			);
			runOnlyForDeploymentPostprocessing = 0;
		};
/* End PBXFrameworksBuildPhase section */

/* Begin PBXGroup section */
		040AF0101E523AC2005C1174 /* Fixtures */ = {
			isa = PBXGroup;
			children = (
				04DC2EC81E78A3B4003F23B5 /* error_details.json */,
				040AF0111E523AC2005C1174 /* release_details.json */,
			);
			path = Fixtures;
			sourceTree = "<group>";
		};
		0420A69D1ECA7CAD00915619 /* iOS */ = {
			isa = PBXGroup;
			children = (
				0420A69B1ECA7C8E00915619 /* OCMock.framework */,
			);
			name = iOS;
			sourceTree = "<group>";
		};
		04690E841E4E39850056B916 /* Internals */ = {
			isa = PBXGroup;
			children = (
				048BB2FB1E60A40D009D92C2 /* Model */,
				048BB2FE1E60A40D009D92C2 /* Ingestion */,
				389D8BC61E72396D0027B9DA /* Version */,
				B2C070A71E5E62440076D6A9 /* Util */,
				B25895A91E4E9BA100123632 /* MSDistributeInternal.h */,
				38C9C56B1E565BF600B0FA0D /* MSDistributePrivate.h */,
				383A2FE31EBA308700817742 /* MSDistributeAppDelegate.h */,
				383A2FE51EBA30B300817742 /* MSDistributeAppDelegate.m */,
				384135BD1FD99B5400FC7836 /* MSDistributeDataMigration.h */,
				384135BF1FD99EB400FC7836 /* MSDistributeDataMigration.m */,
				58603973F1018280F6E91D3E /* Channel */,
			);
			path = Internals;
			sourceTree = "<group>";
		};
		046FDBD51E56830400AF9DD1 /* Vendor */ = {
			isa = PBXGroup;
			children = (
				046FDBD11E5682FA00AF9DD1 /* MSAlertController.h */,
				046FDBD21E5682FA00AF9DD1 /* MSAlertController.m */,
			);
			name = Vendor;
			path = AppCenterDistribute;
			sourceTree = "<group>";
		};
		0471B5F31E45466F0022F951 /* Support */ = {
			isa = PBXGroup;
			children = (
				0471B5F41E45466F0022F951 /* AppCenterDistribute Debug.xcconfig */,
				043E2AB31F4E024300615AD9 /* AppCenterDistribute Release.xcconfig */,
				049BC8221ECE349200FB6719 /* iOS.xcconfig */,
				049BC8271ECE387A00FB6719 /* iOS.modulemap */,
				F8B8EAE621106436004BCECB /* Resources.xcconfig */,
			);
			path = Support;
			sourceTree = "<group>";
		};
		048BB2FB1E60A40D009D92C2 /* Model */ = {
			isa = PBXGroup;
			children = (
				BA6820A043C816916AF34A04 /* MSErrorDetails.h */,
				BA6826E3C58372A269A6B43A /* MSErrorDetails.m */,
				048BB2FC1E60A40D009D92C2 /* MSReleaseDetails.h */,
				047D137E1EAFF87500D699BA /* MSReleaseDetailsPrivate.h */,
				048BB2FD1E60A40D009D92C2 /* MSReleaseDetails.m */,
				048BB2FF1E60A40D009D92C2 /* MSDistributionGroup.h */,
				048BB3001E60A40D009D92C2 /* MSDistributionGroup.m */,
				9E4ADB15203D37FB00172256 /* MSDistributionStartSessionLog.m */,
				9E4ADB17203D383D00172256 /* MSDistributionStartSessionLog.h */,
			);
			path = Model;
			sourceTree = "<group>";
		};
		048BB2FE1E60A40D009D92C2 /* Ingestion */ = {
			isa = PBXGroup;
			children = (
				048BB3011E60A40D009D92C2 /* MSDistributeIngestion.h */,
				048BB3021E60A40D009D92C2 /* MSDistributeIngestion.m */,
			);
			path = Ingestion;
			sourceTree = "<group>";
		};
		04A140BE1ECE84B7001CEE94 /* Model */ = {
			isa = PBXGroup;
			children = (
				040AF0231E523B80005C1174 /* MSReleaseDetailsTests.m */,
				04DC2ECA1E78A3E3003F23B5 /* MSErrorDetailsTests.m */,
				0415974A1E9D639D00EC6BDA /* MSDistributionGroupTests.m */,
			);
			name = Model;
			sourceTree = "<group>";
		};
		04A140BF1ECE84C9001CEE94 /* Support */ = {
			isa = PBXGroup;
			children = (
				041CFFA31ECD0E0E00B4654B /* Tests iOS.xcconfig */,
			);
			name = Support;
			sourceTree = "<group>";
		};
		04BED71D1ECB659700E20975 /* iOS */ = {
			isa = PBXGroup;
			children = (
				380304421E7B007E006A55FB /* OCHamcrestIOS.framework */,
			);
			name = iOS;
			sourceTree = "<group>";
		};
		04FD4A131E451E12009B4468 = {
			isa = PBXGroup;
			children = (
				04A082091F74BBB100DC776D /* MSService.h */,
				0471B93B1E4557620022F951 /* MSServiceAbstract.h */,
				040AF0321E52859F005C1174 /* MSIngestionProtocol.h */,
				04FD4A1E1E451E12009B4468 /* AppCenterDistribute */,
				04FD4A321E453531009B4468 /* AppCenterDistributeTests */,
				B2C070B91E5E68540076D6A9 /* Resources */,
				04FD4A1D1E451E12009B4468 /* Products */,
				046FDBD51E56830400AF9DD1 /* Vendor */,
			);
			sourceTree = "<group>";
		};
		04FD4A1D1E451E12009B4468 /* Products */ = {
			isa = PBXGroup;
			children = (
				04FD4A1C1E451E12009B4468 /* libAppCenterDistribute.a */,
				04FD4A311E453531009B4468 /* AppCenterDistribute.xctest */,
				B2C070B81E5E68540076D6A9 /* AppCenterDistributeResources.bundle */,
			);
			name = Products;
			sourceTree = "<group>";
		};
		04FD4A1E1E451E12009B4468 /* AppCenterDistribute */ = {
			isa = PBXGroup;
			children = (
				04FD4A1F1E451E12009B4468 /* AppCenterDistribute.h */,
				0471B89A1E4547750022F951 /* MSDistribute.h */,
				0471B8981E4547480022F951 /* MSDistribute.m */,
				046EF5881EAEB524002F6436 /* MSDistributeDelegate.h */,
				04690E841E4E39850056B916 /* Internals */,
				0471B5F31E45466F0022F951 /* Support */,
			);
			path = AppCenterDistribute;
			sourceTree = "<group>";
		};
		04FD4A321E453531009B4468 /* AppCenterDistributeTests */ = {
			isa = PBXGroup;
			children = (
				9E8E3A38203E68B4001A23FD /* MSDistributionStartSessionLogTest.m */,
				04FD4A351E453531009B4468 /* Info.plist */,
				848860441E6EC32B003A9B96 /* MSBasicMachOParserTests.m */,
				386A69EF1FD88A9B0057B316 /* MSDistributeDataMigrationTests.m */,
				04FD4A331E453531009B4468 /* MSDistributeTests.m */,
				B20DE7B61E5F97330023075C /* MSDistributeUtilTests.m */,
				040AF0291E52748D005C1174 /* MSDistributeIngestionTests.m */,
				38A683631E774DCE00A63BC8 /* MSSemVerPreReleaseIdTest.m */,
				38A683621E774DCE00A63BC8 /* MSSemVerTests.m */,
				80324E2F1F4DC81E005F4E11 /* MSDistributeAppDelegateTests.m */,
				586030B2AAEEE6A568D37CE9 /* MSDistributeInfoTrackerTests.m */,
				040AF0101E523AC2005C1174 /* Fixtures */,
				04FD4A491E453930009B4468 /* Frameworks */,
				04A140BE1ECE84B7001CEE94 /* Model */,
				04A140BF1ECE84C9001CEE94 /* Support */,
				389638A21E79F557007C3809 /* Util */,
			);
			path = AppCenterDistributeTests;
			sourceTree = "<group>";
		};
		04FD4A491E453930009B4468 /* Frameworks */ = {
			isa = PBXGroup;
			children = (
				F82E4C82217F217F00EDAB34 /* sqlite3.c */,
				04FD4A4A1E453930009B4468 /* libAppCenter.a */,
				380304401E7B007E006A55FB /* OCHamcrest */,
				380304321E7B007E006A55FB /* OCMock */,
				F8BEA3BD1FBB08A900D4DE37 /* OHHTTPStubs */,
			);
			name = Frameworks;
			sourceTree = "<group>";
		};
		380304321E7B007E006A55FB /* OCMock */ = {
			isa = PBXGroup;
			children = (
				0420A69D1ECA7CAD00915619 /* iOS */,
			);
			name = OCMock;
			path = ../../Vendor/Common/OCMock;
			sourceTree = "<group>";
		};
		380304401E7B007E006A55FB /* OCHamcrest */ = {
			isa = PBXGroup;
			children = (
				04BED71D1ECB659700E20975 /* iOS */,
			);
			name = OCHamcrest;
			path = ../../Vendor/iOS/OCHamcrest;
			sourceTree = "<group>";
		};
		389638A21E79F557007C3809 /* Util */ = {
			isa = PBXGroup;
			children = (
				387CC62F210A9D9C002BA068 /* MSMockKeychainUtil.h */,
				387CC630210A9D9C002BA068 /* MSMockKeychainUtil.m */,
				F8BEA3CC1FBB0BDE00D4DE37 /* MSHttpTestUtil.h */,
				F8BEA3CB1FBB0BDE00D4DE37 /* MSHttpTestUtil.m */,
				389638A51E79F60F007C3809 /* MSDistributeTestUtil.h */,
				389638A31E79F59D007C3809 /* MSDistributeTestUtil.m */,
				04A140C51ECE89B2001CEE94 /* MSMockUserDefaults.h */,
				04A140C61ECE89B2001CEE94 /* MSMockUserDefaults.m */,
				04311FF71EE0871D007054C5 /* MSTestFrameworks.h */,
			);
			path = Util;
			sourceTree = "<group>";
		};
		389D8BC61E72396D0027B9DA /* Version */ = {
			isa = PBXGroup;
			children = (
				38A6835A1E774D9F00A63BC8 /* MSSemVerPreReleaseId.m */,
				38A6835B1E774D9F00A63BC8 /* MSSemVerPreReleaseId.h */,
				38A6835C1E774D9F00A63BC8 /* MSSemVer.m */,
				38A6835D1E774D9F00A63BC8 /* MSSemVer.h */,
			);
			path = Version;
			sourceTree = "<group>";
		};
		58603973F1018280F6E91D3E /* Channel */ = {
			isa = PBXGroup;
			children = (
				5860311B1C15B2BE9ED430A1 /* MSDistributeInfoTracker.h */,
				586031A5F44AF875F6226F45 /* MSDistributeInfoTracker.m */,
			);
			path = Channel;
			sourceTree = "<group>";
		};
		B2C070A71E5E62440076D6A9 /* Util */ = {
			isa = PBXGroup;
			children = (
				388B559A1E64B3FD00E4F1D7 /* MSBasicMachOParser.h */,
				388B55991E64B3FD00E4F1D7 /* MSBasicMachOParser.m */,
				807432C31EE20731003295BA /* MSBasicMachOParserPrivate.h */,
				B2C070A31E5E62330076D6A9 /* MSDistributeUtil.h */,
				B2C070A41E5E62330076D6A9 /* MSDistributeUtil.m */,
			);
			name = Util;
			sourceTree = "<group>";
		};
		B2C070B91E5E68540076D6A9 /* Resources */ = {
			isa = PBXGroup;
			children = (
				B29CE3471E5E5F9A00CEB04D /* AppCenterDistribute.strings */,
				B2C070BA1E5E68540076D6A9 /* Info.plist */,
			);
			name = Resources;
			path = AppCenterDistributeResources;
			sourceTree = "<group>";
		};
		F8BEA3BD1FBB08A900D4DE37 /* OHHTTPStubs */ = {
			isa = PBXGroup;
			children = (
				F8BEA3C71FBB0A5900D4DE37 /* iOS */,
			);
			name = OHHTTPStubs;
			path = ../../Vendor/iOS/OHHTTPStubs;
			sourceTree = "<group>";
		};
		F8BEA3C71FBB0A5900D4DE37 /* iOS */ = {
			isa = PBXGroup;
			children = (
				F8BEA3C81FBB0A5900D4DE37 /* OHHTTPStubs.framework */,
			);
			name = iOS;
			sourceTree = "<group>";
		};
/* End PBXGroup section */

/* Begin PBXHeadersBuildPhase section */
		0471B9321E4555EA0022F951 /* Headers */ = {
			isa = PBXHeadersBuildPhase;
			buildActionMask = 2147483647;
			files = (
				0471B9331E4555F20022F951 /* AppCenterDistribute.h in Headers */,
				048BB3051E60A40D009D92C2 /* MSDistributionGroup.h in Headers */,
				38A683611E774D9F00A63BC8 /* MSSemVer.h in Headers */,
				38C9C56C1E565BF600B0FA0D /* MSDistributePrivate.h in Headers */,
				B25895AA1E4E9FD400123632 /* MSDistributeInternal.h in Headers */,
				0471B93C1E4557620022F951 /* MSServiceAbstract.h in Headers */,
				B2C070A51E5E62330076D6A9 /* MSDistributeUtil.h in Headers */,
				048BB3071E60A40D009D92C2 /* MSDistributeIngestion.h in Headers */,
				046FDBD31E5682FA00AF9DD1 /* MSAlertController.h in Headers */,
				384135BE1FD99B5400FC7836 /* MSDistributeDataMigration.h in Headers */,
				0471B9341E45560C0022F951 /* MSDistribute.h in Headers */,
				040AF0331E52859F005C1174 /* MSIngestionProtocol.h in Headers */,
				048BB3031E60A40D009D92C2 /* MSReleaseDetails.h in Headers */,
				383A2FE41EBA308700817742 /* MSDistributeAppDelegate.h in Headers */,
				38A6835F1E774D9F00A63BC8 /* MSSemVerPreReleaseId.h in Headers */,
				388B559C1E64B3FD00E4F1D7 /* MSBasicMachOParser.h in Headers */,
				047D137F1EAFF87500D699BA /* MSReleaseDetailsPrivate.h in Headers */,
				046EF5891EAEB524002F6436 /* MSDistributeDelegate.h in Headers */,
				04A0820A1F74BBB100DC776D /* MSService.h in Headers */,
				BA682AC831677E0806CA2359 /* MSErrorDetails.h in Headers */,
				5860330D3F7DC07BC2E141A2 /* MSDistributeInfoTracker.h in Headers */,
				04B45C5B21E9119800FE6746 /* MSBasicMachOParserPrivate.h in Headers */,
			);
			runOnlyForDeploymentPostprocessing = 0;
		};
/* End PBXHeadersBuildPhase section */

/* Begin PBXNativeTarget section */
		04FD4A1B1E451E12009B4468 /* AppCenterDistributeIOS */ = {
			isa = PBXNativeTarget;
			buildConfigurationList = 04FD4A251E451E12009B4468 /* Build configuration list for PBXNativeTarget "AppCenterDistributeIOS" */;
			buildPhases = (
				F8B8EAE021105BD3004BCECB /* Verify no buildSettings */,
				04FD4A181E451E12009B4468 /* Sources */,
				04FD4A191E451E12009B4468 /* Frameworks */,
				04FD4A1A1E451E12009B4468 /* CopyFiles */,
				0471B9321E4555EA0022F951 /* Headers */,
				B2C070C41E5E6A160076D6A9 /* Resources */,
			);
			buildRules = (
			);
			dependencies = (
				B2C070BF1E5E697C0076D6A9 /* PBXTargetDependency */,
			);
			name = AppCenterDistributeIOS;
			productName = AppCenterDistribute;
			productReference = 04FD4A1C1E451E12009B4468 /* libAppCenterDistribute.a */;
			productType = "com.apple.product-type.library.static";
		};
		04FD4A301E453531009B4468 /* AppCenterDistributeIOSTests */ = {
			isa = PBXNativeTarget;
			buildConfigurationList = 04FD4A391E453531009B4468 /* Build configuration list for PBXNativeTarget "AppCenterDistributeIOSTests" */;
			buildPhases = (
				04FD4A2D1E453531009B4468 /* Sources */,
				04FD4A2E1E453531009B4468 /* Frameworks */,
				04FD4A2F1E453531009B4468 /* Resources */,
			);
			buildRules = (
			);
			dependencies = (
				04FD4A381E453531009B4468 /* PBXTargetDependency */,
			);
			name = AppCenterDistributeIOSTests;
			productName = AppCenterDistributeTests;
			productReference = 04FD4A311E453531009B4468 /* AppCenterDistribute.xctest */;
			productType = "com.apple.product-type.bundle.unit-test";
		};
		B2C070B71E5E68540076D6A9 /* AppCenterDistributeResources */ = {
			isa = PBXNativeTarget;
			buildConfigurationList = B2C070BB1E5E68540076D6A9 /* Build configuration list for PBXNativeTarget "AppCenterDistributeResources" */;
			buildPhases = (
				B2C070B41E5E68540076D6A9 /* Sources */,
				B2C070B51E5E68540076D6A9 /* Frameworks */,
				B2C070B61E5E68540076D6A9 /* Resources */,
			);
			buildRules = (
			);
			dependencies = (
			);
			name = AppCenterDistributeResources;
			productName = AppCenterDistributeResources;
			productReference = B2C070B81E5E68540076D6A9 /* AppCenterDistributeResources.bundle */;
			productType = "com.apple.product-type.bundle";
		};
/* End PBXNativeTarget section */

/* Begin PBXProject section */
		04FD4A141E451E12009B4468 /* Project object */ = {
			isa = PBXProject;
			attributes = {
				CLASSPREFIX = MS;
				LastUpgradeCheck = 0830;
				ORGANIZATIONNAME = Microsoft;
			};
			buildConfigurationList = 04FD4A171E451E12009B4468 /* Build configuration list for PBXProject "AppCenterDistribute" */;
			compatibilityVersion = "Xcode 3.2";
			developmentRegion = English;
			hasScannedForEncodings = 0;
			knownRegions = (
				cs,
				de,
				en,
				es,
				fr,
				it,
				ja,
				ko,
				pl,
				pt,
				ru,
				tr,
				"zh-Hans",
				"zh-Hant",
			);
			mainGroup = 04FD4A131E451E12009B4468;
			productRefGroup = 04FD4A1D1E451E12009B4468 /* Products */;
			projectDirPath = "";
			projectRoot = "";
			targets = (
				04FD4A1B1E451E12009B4468 /* AppCenterDistributeIOS */,
				04FD4A281E451E90009B4468 /* AppCenterDistributeIOSFramework */,
				04FD4A301E453531009B4468 /* AppCenterDistributeIOSTests */,
				04FD4A3C1E453640009B4468 /* AppCenterDistributeIOSDoc */,
				B2C070B71E5E68540076D6A9 /* AppCenterDistributeResources */,
			);
		};
/* End PBXProject section */

/* Begin PBXResourcesBuildPhase section */
		04FD4A2F1E453531009B4468 /* Resources */ = {
			isa = PBXResourcesBuildPhase;
			buildActionMask = 2147483647;
			files = (
				B270108D1E5FA2E4008552EF /* release_details.json in Resources */,
				B2C070C01E5E69AD0076D6A9 /* AppCenterDistributeResources.bundle in Resources */,
				04DC2EC91E78A3B4003F23B5 /* error_details.json in Resources */,
			);
			runOnlyForDeploymentPostprocessing = 0;
		};
		B2C070B61E5E68540076D6A9 /* Resources */ = {
			isa = PBXResourcesBuildPhase;
			buildActionMask = 2147483647;
			files = (
				B2C070C11E5E69D00076D6A9 /* AppCenterDistribute.strings in Resources */,
			);
			runOnlyForDeploymentPostprocessing = 0;
		};
		B2C070C41E5E6A160076D6A9 /* Resources */ = {
			isa = PBXResourcesBuildPhase;
			buildActionMask = 2147483647;
			files = (
				B2C070C51E5E6A200076D6A9 /* AppCenterDistributeResources.bundle in Resources */,
				040AF0121E523AC2005C1174 /* release_details.json in Resources */,
			);
			runOnlyForDeploymentPostprocessing = 0;
		};
/* End PBXResourcesBuildPhase section */

/* Begin PBXShellScriptBuildPhase section */
		04FD4A2C1E453159009B4468 /* Build framework */ = {
			isa = PBXShellScriptBuildPhase;
			buildActionMask = 2147483647;
			files = (
			);
			inputPaths = (
			);
			name = "Build framework";
			outputPaths = (
			);
			runOnlyForDeploymentPostprocessing = 0;
			shellPath = /bin/sh;
			shellScript = "cd \"${SRCROOT}/../Scripts/AppCenterDistribute\"\n./build-appcenterdistribute-ios-framework.sh";
		};
		04FD4A401E4536B0009B4468 /* Build docs */ = {
			isa = PBXShellScriptBuildPhase;
			buildActionMask = 2147483647;
			files = (
			);
			inputPaths = (
			);
			name = "Build docs";
			outputPaths = (
			);
			runOnlyForDeploymentPostprocessing = 0;
			shellPath = /bin/sh;
			shellScript = "cd \"${SRCROOT}/../Scripts\"\n./build-docs.sh iOS AppCenterDistribute\n";
			showEnvVarsInLog = 0;
		};
		F8B8EAE021105BD3004BCECB /* Verify no buildSettings */ = {
			isa = PBXShellScriptBuildPhase;
			buildActionMask = 2147483647;
			files = (
			);
			inputPaths = (
			);
			name = "Verify no buildSettings";
			outputPaths = (
			);
			runOnlyForDeploymentPostprocessing = 0;
			shellPath = /bin/sh;
			shellScript = "\"${SRCROOT}/../Scripts/VerifyNoBuildSettings.swift\" ${PROJECT_NAME}.xcodeproj/project.pbxproj\n";
			showEnvVarsInLog = 0;
		};
/* End PBXShellScriptBuildPhase section */

/* Begin PBXSourcesBuildPhase section */
		04FD4A181E451E12009B4468 /* Sources */ = {
			isa = PBXSourcesBuildPhase;
			buildActionMask = 2147483647;
			files = (
				38A6835E1E774D9F00A63BC8 /* MSSemVerPreReleaseId.m in Sources */,
				384135C01FD99EB400FC7836 /* MSDistributeDataMigration.m in Sources */,
				9E4ADB16203D37FB00172256 /* MSDistributionStartSessionLog.m in Sources */,
				B2C070A61E5E62330076D6A9 /* MSDistributeUtil.m in Sources */,
				048BB3041E60A40D009D92C2 /* MSReleaseDetails.m in Sources */,
				048BB3061E60A40D009D92C2 /* MSDistributionGroup.m in Sources */,
				388B559B1E64B3FD00E4F1D7 /* MSBasicMachOParser.m in Sources */,
				0471B8991E4547480022F951 /* MSDistribute.m in Sources */,
				38A683601E774D9F00A63BC8 /* MSSemVer.m in Sources */,
				046FDBD41E5682FA00AF9DD1 /* MSAlertController.m in Sources */,
				383A2FE61EBA30B300817742 /* MSDistributeAppDelegate.m in Sources */,
				048BB3081E60A40D009D92C2 /* MSDistributeIngestion.m in Sources */,
				BA682C81BA750CA5FCB63A51 /* MSErrorDetails.m in Sources */,
				586032CABA2AC5DAA00BAB53 /* MSDistributeInfoTracker.m in Sources */,
			);
			runOnlyForDeploymentPostprocessing = 0;
		};
		04FD4A2D1E453531009B4468 /* Sources */ = {
			isa = PBXSourcesBuildPhase;
			buildActionMask = 2147483647;
			files = (
				040AF0251E523B80005C1174 /* MSReleaseDetailsTests.m in Sources */,
				F82E4C83217F217F00EDAB34 /* sqlite3.c in Sources */,
				B20DE7B71E5F97330023075C /* MSDistributeUtilTests.m in Sources */,
				9E8E3A39203E68B4001A23FD /* MSDistributionStartSessionLogTest.m in Sources */,
				387CC631210A9D9C002BA068 /* MSMockKeychainUtil.m in Sources */,
				040AF02A1E52748D005C1174 /* MSDistributeIngestionTests.m in Sources */,
				F8BEA3CF1FBB0BE400D4DE37 /* MSHttpTestUtil.m in Sources */,
				04DC2ECB1E78A3E3003F23B5 /* MSErrorDetailsTests.m in Sources */,
				04FD4A341E453531009B4468 /* MSDistributeTests.m in Sources */,
				04A140C91ECE89BD001CEE94 /* MSMockUserDefaults.m in Sources */,
				38A683651E774DCE00A63BC8 /* MSSemVerPreReleaseIdTest.m in Sources */,
				80324E301F4DC81F005F4E11 /* MSDistributeAppDelegateTests.m in Sources */,
				38E3FB1F1FD8A2A500779293 /* MSDistributeDataMigrationTests.m in Sources */,
				848860451E6EC32B003A9B96 /* MSBasicMachOParserTests.m in Sources */,
				389638A41E79F59D007C3809 /* MSDistributeTestUtil.m in Sources */,
				0415974B1E9D639D00EC6BDA /* MSDistributionGroupTests.m in Sources */,
				38A683641E774DCE00A63BC8 /* MSSemVerTests.m in Sources */,
				58603D3986EEE50CBFAFD4BC /* MSDistributeInfoTrackerTests.m in Sources */,
			);
			runOnlyForDeploymentPostprocessing = 0;
		};
		B2C070B41E5E68540076D6A9 /* Sources */ = {
			isa = PBXSourcesBuildPhase;
			buildActionMask = 2147483647;
			files = (
			);
			runOnlyForDeploymentPostprocessing = 0;
		};
/* End PBXSourcesBuildPhase section */

/* Begin PBXTargetDependency section */
		0471B9361E4556570022F951 /* PBXTargetDependency */ = {
			isa = PBXTargetDependency;
			target = 04FD4A281E451E90009B4468 /* AppCenterDistributeIOSFramework */;
			targetProxy = 0471B9351E4556570022F951 /* PBXContainerItemProxy */;
		};
		04FD4A381E453531009B4468 /* PBXTargetDependency */ = {
			isa = PBXTargetDependency;
			target = 04FD4A1B1E451E12009B4468 /* AppCenterDistributeIOS */;
			targetProxy = 04FD4A371E453531009B4468 /* PBXContainerItemProxy */;
		};
		B2C070BF1E5E697C0076D6A9 /* PBXTargetDependency */ = {
			isa = PBXTargetDependency;
			target = B2C070B71E5E68540076D6A9 /* AppCenterDistributeResources */;
			targetProxy = B2C070BE1E5E697C0076D6A9 /* PBXContainerItemProxy */;
		};
		B2C070C31E5E69E70076D6A9 /* PBXTargetDependency */ = {
			isa = PBXTargetDependency;
			target = B2C070B71E5E68540076D6A9 /* AppCenterDistributeResources */;
			targetProxy = B2C070C21E5E69E70076D6A9 /* PBXContainerItemProxy */;
		};
/* End PBXTargetDependency section */

/* Begin PBXVariantGroup section */
		B29CE3471E5E5F9A00CEB04D /* AppCenterDistribute.strings */ = {
			isa = PBXVariantGroup;
			children = (
				046BE64F1F8C1B1E00310886 /* cs */,
				B2C070A21E5E61830076D6A9 /* de */,
				B29CE3481E5E5F9A00CEB04D /* en */,
				046BE64E1F8C1B0900310886 /* es */,
				B29CE3491E5E5FBB00CEB04D /* fr */,
				046BE64C1F8C1AE100310886 /* it */,
				046BE64B1F8C1ACE00310886 /* ja */,
				046BE64A1F8C1AB600310886 /* ko */,
				046BE64D1F8C1AF200310886 /* pl */,
				048210261FD08C42006824F7 /* pt */,
				F8646E651F349C6D006080AC /* ru */,
				046BE6501F8C1B9900310886 /* tr */,
				046BE6481F8C1A7900310886 /* zh-Hans */,
				046BE6491F8C1A9900310886 /* zh-Hant */,
			);
			name = AppCenterDistribute.strings;
			path = ../AppCenterDistribute;
			sourceTree = "<group>";
		};
/* End PBXVariantGroup section */

/* Begin XCBuildConfiguration section */
		04FD4A231E451E12009B4468 /* Debug */ = {
			isa = XCBuildConfiguration;
			baseConfigurationReference = 0471B5F41E45466F0022F951 /* AppCenterDistribute Debug.xcconfig */;
			buildSettings = {
			};
			name = Debug;
		};
		04FD4A241E451E12009B4468 /* Release */ = {
			isa = XCBuildConfiguration;
			baseConfigurationReference = 043E2AB31F4E024300615AD9 /* AppCenterDistribute Release.xcconfig */;
			buildSettings = {
			};
			name = Release;
		};
		04FD4A261E451E12009B4468 /* Debug */ = {
			isa = XCBuildConfiguration;
			baseConfigurationReference = 049BC8221ECE349200FB6719 /* iOS.xcconfig */;
			buildSettings = {
			};
			name = Debug;
		};
		04FD4A271E451E12009B4468 /* Release */ = {
			isa = XCBuildConfiguration;
			baseConfigurationReference = 049BC8221ECE349200FB6719 /* iOS.xcconfig */;
			buildSettings = {
			};
			name = Release;
		};
		04FD4A2A1E451E90009B4468 /* Debug */ = {
			isa = XCBuildConfiguration;
			baseConfigurationReference = 049BC8221ECE349200FB6719 /* iOS.xcconfig */;
			buildSettings = {
			};
			name = Debug;
		};
		04FD4A2B1E451E90009B4468 /* Release */ = {
			isa = XCBuildConfiguration;
			baseConfigurationReference = 049BC8221ECE349200FB6719 /* iOS.xcconfig */;
			buildSettings = {
			};
			name = Release;
		};
		04FD4A3A1E453531009B4468 /* Debug */ = {
			isa = XCBuildConfiguration;
			baseConfigurationReference = 041CFFA31ECD0E0E00B4654B /* Tests iOS.xcconfig */;
			buildSettings = {
			};
			name = Debug;
		};
		04FD4A3B1E453531009B4468 /* Release */ = {
			isa = XCBuildConfiguration;
			baseConfigurationReference = 041CFFA31ECD0E0E00B4654B /* Tests iOS.xcconfig */;
			buildSettings = {
			};
			name = Release;
		};
		04FD4A3E1E453640009B4468 /* Debug */ = {
			isa = XCBuildConfiguration;
			baseConfigurationReference = 049BC8221ECE349200FB6719 /* iOS.xcconfig */;
			buildSettings = {
			};
			name = Debug;
		};
		04FD4A3F1E453640009B4468 /* Release */ = {
			isa = XCBuildConfiguration;
			baseConfigurationReference = 049BC8221ECE349200FB6719 /* iOS.xcconfig */;
			buildSettings = {
			};
			name = Release;
		};
		B2C070BC1E5E68540076D6A9 /* Debug */ = {
			isa = XCBuildConfiguration;
			baseConfigurationReference = F8B8EAE621106436004BCECB /* Resources.xcconfig */;
			buildSettings = {
			};
			name = Debug;
		};
		B2C070BD1E5E68540076D6A9 /* Release */ = {
			isa = XCBuildConfiguration;
			baseConfigurationReference = F8B8EAE621106436004BCECB /* Resources.xcconfig */;
			buildSettings = {
			};
			name = Release;
		};
/* End XCBuildConfiguration section */

/* Begin XCConfigurationList section */
		04FD4A171E451E12009B4468 /* Build configuration list for PBXProject "AppCenterDistribute" */ = {
			isa = XCConfigurationList;
			buildConfigurations = (
				04FD4A231E451E12009B4468 /* Debug */,
				04FD4A241E451E12009B4468 /* Release */,
			);
			defaultConfigurationIsVisible = 0;
			defaultConfigurationName = Release;
		};
		04FD4A251E451E12009B4468 /* Build configuration list for PBXNativeTarget "AppCenterDistributeIOS" */ = {
			isa = XCConfigurationList;
			buildConfigurations = (
				04FD4A261E451E12009B4468 /* Debug */,
				04FD4A271E451E12009B4468 /* Release */,
			);
			defaultConfigurationIsVisible = 0;
			defaultConfigurationName = Release;
		};
		04FD4A291E451E90009B4468 /* Build configuration list for PBXAggregateTarget "AppCenterDistributeIOSFramework" */ = {
			isa = XCConfigurationList;
			buildConfigurations = (
				04FD4A2A1E451E90009B4468 /* Debug */,
				04FD4A2B1E451E90009B4468 /* Release */,
			);
			defaultConfigurationIsVisible = 0;
			defaultConfigurationName = Release;
		};
		04FD4A391E453531009B4468 /* Build configuration list for PBXNativeTarget "AppCenterDistributeIOSTests" */ = {
			isa = XCConfigurationList;
			buildConfigurations = (
				04FD4A3A1E453531009B4468 /* Debug */,
				04FD4A3B1E453531009B4468 /* Release */,
			);
			defaultConfigurationIsVisible = 0;
			defaultConfigurationName = Release;
		};
		04FD4A3D1E453640009B4468 /* Build configuration list for PBXAggregateTarget "AppCenterDistributeIOSDoc" */ = {
			isa = XCConfigurationList;
			buildConfigurations = (
				04FD4A3E1E453640009B4468 /* Debug */,
				04FD4A3F1E453640009B4468 /* Release */,
			);
			defaultConfigurationIsVisible = 0;
			defaultConfigurationName = Release;
		};
		B2C070BB1E5E68540076D6A9 /* Build configuration list for PBXNativeTarget "AppCenterDistributeResources" */ = {
			isa = XCConfigurationList;
			buildConfigurations = (
				B2C070BC1E5E68540076D6A9 /* Debug */,
				B2C070BD1E5E68540076D6A9 /* Release */,
			);
			defaultConfigurationIsVisible = 0;
			defaultConfigurationName = Release;
		};
/* End XCConfigurationList section */
	};
	rootObject = 04FD4A141E451E12009B4468 /* Project object */;
}
